// !$*UTF8*$!
{
	archiveVersion = 1;
	classes = {
	};
	objectVersion = 55;
	objects = {

/* Begin PBXBuildFile section */
		2B5A6E782A1BFBE20015F35D /* iOS_IAPEnums.h in Headers */ = {isa = PBXBuildFile; fileRef = 2B5A6E6E2A1BFBE10015F35D /* iOS_IAPEnums.h */; };
		2B5A6E792A1BFBE20015F35D /* VerifyStoreReceipt.h in Headers */ = {isa = PBXBuildFile; fileRef = 2B5A6E6F2A1BFBE10015F35D /* VerifyStoreReceipt.h */; };
		2B5A6E7A2A1BFBE20015F35D /* iOS_StoreManager.mm in Sources */ = {isa = PBXBuildFile; fileRef = 2B5A6E702A1BFBE10015F35D /* iOS_StoreManager.mm */; };
		2B5A6E7B2A1BFBE20015F35D /* iOS_TransactionListener.h in Headers */ = {isa = PBXBuildFile; fileRef = 2B5A6E712A1BFBE10015F35D /* iOS_TransactionListener.h */; };
		2B5A6E7C2A1BFBE20015F35D /* iOS_InAppPurchase.mm in Sources */ = {isa = PBXBuildFile; fileRef = 2B5A6E722A1BFBE10015F35D /* iOS_InAppPurchase.mm */; };
		2B5A6E7D2A1BFBE20015F35D /* iOS_IAPEnums.mm in Sources */ = {isa = PBXBuildFile; fileRef = 2B5A6E732A1BFBE20015F35D /* iOS_IAPEnums.mm */; };
		2B5A6E7E2A1BFBE20015F35D /* iOS_StoreManager.h in Headers */ = {isa = PBXBuildFile; fileRef = 2B5A6E742A1BFBE20015F35D /* iOS_StoreManager.h */; };
		2B5A6E7F2A1BFBE20015F35D /* iOS_InAppPurchase.h in Headers */ = {isa = PBXBuildFile; fileRef = 2B5A6E752A1BFBE20015F35D /* iOS_InAppPurchase.h */; };
		2B5A6E802A1BFBE20015F35D /* iOS_TransactionListener.mm in Sources */ = {isa = PBXBuildFile; fileRef = 2B5A6E762A1BFBE20015F35D /* iOS_TransactionListener.mm */; };
		2B5A6E812A1BFBE20015F35D /* VerifyStoreReceipt.mm in Sources */ = {isa = PBXBuildFile; fileRef = 2B5A6E772A1BFBE20015F35D /* VerifyStoreReceipt.mm */; };
		2B5A6ED42A1BFC150015F35D /* ossl_typ.h in Headers */ = {isa = PBXBuildFile; fileRef = 2B5A6E842A1BFC140015F35D /* ossl_typ.h */; };
		2B5A6ED52A1BFC150015F35D /* rand.h in Headers */ = {isa = PBXBuildFile; fileRef = 2B5A6E852A1BFC140015F35D /* rand.h */; };
		2B5A6ED62A1BFC150015F35D /* tls1.h in Headers */ = {isa = PBXBuildFile; fileRef = 2B5A6E862A1BFC140015F35D /* tls1.h */; };
		2B5A6ED72A1BFC150015F35D /* pqueue.h in Headers */ = {isa = PBXBuildFile; fileRef = 2B5A6E872A1BFC140015F35D /* pqueue.h */; };
		2B5A6ED82A1BFC150015F35D /* rc2.h in Headers */ = {isa = PBXBuildFile; fileRef = 2B5A6E882A1BFC140015F35D /* rc2.h */; };
		2B5A6ED92A1BFC150015F35D /* blowfish.h in Headers */ = {isa = PBXBuildFile; fileRef = 2B5A6E892A1BFC140015F35D /* blowfish.h */; };
		2B5A6EDA2A1BFC150015F35D /* ui.h in Headers */ = {isa = PBXBuildFile; fileRef = 2B5A6E8A2A1BFC150015F35D /* ui.h */; };
		2B5A6EDB2A1BFC150015F35D /* ocsp.h in Headers */ = {isa = PBXBuildFile; fileRef = 2B5A6E8B2A1BFC150015F35D /* ocsp.h */; };
		2B5A6EDC2A1BFC150015F35D /* whrlpool.h in Headers */ = {isa = PBXBuildFile; fileRef = 2B5A6E8C2A1BFC150015F35D /* whrlpool.h */; };
		2B5A6EDD2A1BFC150015F35D /* ecdsa.h in Headers */ = {isa = PBXBuildFile; fileRef = 2B5A6E8D2A1BFC150015F35D /* ecdsa.h */; };
		2B5A6EDE2A1BFC150015F35D /* comp.h in Headers */ = {isa = PBXBuildFile; fileRef = 2B5A6E8E2A1BFC150015F35D /* comp.h */; };
		2B5A6EDF2A1BFC150015F35D /* obj_mac.h in Headers */ = {isa = PBXBuildFile; fileRef = 2B5A6E8F2A1BFC150015F35D /* obj_mac.h */; };
		2B5A6EE02A1BFC150015F35D /* opensslconf-x86_64.h in Headers */ = {isa = PBXBuildFile; fileRef = 2B5A6E902A1BFC150015F35D /* opensslconf-x86_64.h */; };
		2B5A6EE12A1BFC150015F35D /* srtp.h in Headers */ = {isa = PBXBuildFile; fileRef = 2B5A6E912A1BFC150015F35D /* srtp.h */; };
		2B5A6EE22A1BFC150015F35D /* asn1.h in Headers */ = {isa = PBXBuildFile; fileRef = 2B5A6E922A1BFC150015F35D /* asn1.h */; };
		2B5A6EE32A1BFC150015F35D /* md5.h in Headers */ = {isa = PBXBuildFile; fileRef = 2B5A6E932A1BFC150015F35D /* md5.h */; };
		2B5A6EE42A1BFC150015F35D /* ripemd.h in Headers */ = {isa = PBXBuildFile; fileRef = 2B5A6E942A1BFC150015F35D /* ripemd.h */; };
		2B5A6EE52A1BFC150015F35D /* opensslv.h in Headers */ = {isa = PBXBuildFile; fileRef = 2B5A6E952A1BFC150015F35D /* opensslv.h */; };
		2B5A6EE62A1BFC150015F35D /* des.h in Headers */ = {isa = PBXBuildFile; fileRef = 2B5A6E962A1BFC150015F35D /* des.h */; };
		2B5A6EE72A1BFC150015F35D /* dsa.h in Headers */ = {isa = PBXBuildFile; fileRef = 2B5A6E972A1BFC150015F35D /* dsa.h */; };
		2B5A6EE82A1BFC150015F35D /* ssl.h in Headers */ = {isa = PBXBuildFile; fileRef = 2B5A6E982A1BFC150015F35D /* ssl.h */; };
		2B5A6EE92A1BFC150015F35D /* modes.h in Headers */ = {isa = PBXBuildFile; fileRef = 2B5A6E992A1BFC150015F35D /* modes.h */; };
		2B5A6EEA2A1BFC150015F35D /* x509_vfy.h in Headers */ = {isa = PBXBuildFile; fileRef = 2B5A6E9A2A1BFC150015F35D /* x509_vfy.h */; };
		2B5A6EEB2A1BFC150015F35D /* evp.h in Headers */ = {isa = PBXBuildFile; fileRef = 2B5A6E9B2A1BFC150015F35D /* evp.h */; };
		2B5A6EEC2A1BFC150015F35D /* mdc2.h in Headers */ = {isa = PBXBuildFile; fileRef = 2B5A6E9C2A1BFC150015F35D /* mdc2.h */; };
		2B5A6EED2A1BFC150015F35D /* cast.h in Headers */ = {isa = PBXBuildFile; fileRef = 2B5A6E9D2A1BFC150015F35D /* cast.h */; };
		2B5A6EEE2A1BFC150015F35D /* ssl3.h in Headers */ = {isa = PBXBuildFile; fileRef = 2B5A6E9E2A1BFC150015F35D /* ssl3.h */; };
		2B5A6EEF2A1BFC150015F35D /* stack.h in Headers */ = {isa = PBXBuildFile; fileRef = 2B5A6E9F2A1BFC150015F35D /* stack.h */; };
		2B5A6EF02A1BFC150015F35D /* symhacks.h in Headers */ = {isa = PBXBuildFile; fileRef = 2B5A6EA02A1BFC150015F35D /* symhacks.h */; };
		2B5A6EF12A1BFC150015F35D /* ui_compat.h in Headers */ = {isa = PBXBuildFile; fileRef = 2B5A6EA12A1BFC150015F35D /* ui_compat.h */; };
		2B5A6EF22A1BFC150015F35D /* hmac.h in Headers */ = {isa = PBXBuildFile; fileRef = 2B5A6EA22A1BFC150015F35D /* hmac.h */; };
		2B5A6EF32A1BFC150015F35D /* ecdh.h in Headers */ = {isa = PBXBuildFile; fileRef = 2B5A6EA32A1BFC150015F35D /* ecdh.h */; };
		2B5A6EF42A1BFC150015F35D /* asn1t.h in Headers */ = {isa = PBXBuildFile; fileRef = 2B5A6EA42A1BFC150015F35D /* asn1t.h */; };
		2B5A6EF52A1BFC150015F35D /* conf.h in Headers */ = {isa = PBXBuildFile; fileRef = 2B5A6EA52A1BFC150015F35D /* conf.h */; };
		2B5A6EF62A1BFC150015F35D /* rsa.h in Headers */ = {isa = PBXBuildFile; fileRef = 2B5A6EA62A1BFC150015F35D /* rsa.h */; };
		2B5A6EF72A1BFC150015F35D /* sha.h in Headers */ = {isa = PBXBuildFile; fileRef = 2B5A6EA72A1BFC150015F35D /* sha.h */; };
		2B5A6EF82A1BFC150015F35D /* dso.h in Headers */ = {isa = PBXBuildFile; fileRef = 2B5A6EA82A1BFC150015F35D /* dso.h */; };
		2B5A6EF92A1BFC150015F35D /* kssl.h in Headers */ = {isa = PBXBuildFile; fileRef = 2B5A6EA92A1BFC150015F35D /* kssl.h */; };
		2B5A6EFA2A1BFC150015F35D /* opensslconf-armv7.h in Headers */ = {isa = PBXBuildFile; fileRef = 2B5A6EAA2A1BFC150015F35D /* opensslconf-armv7.h */; };
		2B5A6EFB2A1BFC150015F35D /* err.h in Headers */ = {isa = PBXBuildFile; fileRef = 2B5A6EAB2A1BFC150015F35D /* err.h */; };
		2B5A6EFC2A1BFC150015F35D /* asn1_mac.h in Headers */ = {isa = PBXBuildFile; fileRef = 2B5A6EAC2A1BFC150015F35D /* asn1_mac.h */; };
		2B5A6EFD2A1BFC150015F35D /* md4.h in Headers */ = {isa = PBXBuildFile; fileRef = 2B5A6EAD2A1BFC150015F35D /* md4.h */; };
		2B5A6EFE2A1BFC150015F35D /* objects.h in Headers */ = {isa = PBXBuildFile; fileRef = 2B5A6EAE2A1BFC150015F35D /* objects.h */; };
		2B5A6EFF2A1BFC150015F35D /* dh.h in Headers */ = {isa = PBXBuildFile; fileRef = 2B5A6EAF2A1BFC150015F35D /* dh.h */; };
		2B5A6F002A1BFC150015F35D /* txt_db.h in Headers */ = {isa = PBXBuildFile; fileRef = 2B5A6EB02A1BFC150015F35D /* txt_db.h */; };
		2B5A6F012A1BFC150015F35D /* x509v3.h in Headers */ = {isa = PBXBuildFile; fileRef = 2B5A6EB12A1BFC150015F35D /* x509v3.h */; };
		2B5A6F022A1BFC150015F35D /* safestack.h in Headers */ = {isa = PBXBuildFile; fileRef = 2B5A6EB22A1BFC150015F35D /* safestack.h */; };
		2B5A6F032A1BFC150015F35D /* srp.h in Headers */ = {isa = PBXBuildFile; fileRef = 2B5A6EB32A1BFC150015F35D /* srp.h */; };
		2B5A6F042A1BFC150015F35D /* ts.h in Headers */ = {isa = PBXBuildFile; fileRef = 2B5A6EB42A1BFC150015F35D /* ts.h */; };
		2B5A6F052A1BFC150015F35D /* ssl2.h in Headers */ = {isa = PBXBuildFile; fileRef = 2B5A6EB52A1BFC150015F35D /* ssl2.h */; };
		2B5A6F062A1BFC150015F35D /* opensslconf.h in Headers */ = {isa = PBXBuildFile; fileRef = 2B5A6EB62A1BFC150015F35D /* opensslconf.h */; };
		2B5A6F072A1BFC150015F35D /* pkcs7.h in Headers */ = {isa = PBXBuildFile; fileRef = 2B5A6EB72A1BFC150015F35D /* pkcs7.h */; };
		2B5A6F082A1BFC150015F35D /* conf_api.h in Headers */ = {isa = PBXBuildFile; fileRef = 2B5A6EB82A1BFC150015F35D /* conf_api.h */; };
		2B5A6F092A1BFC150015F35D /* lhash.h in Headers */ = {isa = PBXBuildFile; fileRef = 2B5A6EB92A1BFC150015F35D /* lhash.h */; };
		2B5A6F0A2A1BFC150015F35D /* bn.h in Headers */ = {isa = PBXBuildFile; fileRef = 2B5A6EBA2A1BFC150015F35D /* bn.h */; };
		2B5A6F0B2A1BFC150015F35D /* pem2.h in Headers */ = {isa = PBXBuildFile; fileRef = 2B5A6EBB2A1BFC150015F35D /* pem2.h */; };
		2B5A6F0C2A1BFC150015F35D /* buffer.h in Headers */ = {isa = PBXBuildFile; fileRef = 2B5A6EBC2A1BFC150015F35D /* buffer.h */; };
		2B5A6F0D2A1BFC150015F35D /* x509.h in Headers */ = {isa = PBXBuildFile; fileRef = 2B5A6EBD2A1BFC150015F35D /* x509.h */; };
		2B5A6F0E2A1BFC150015F35D /* ssl23.h in Headers */ = {isa = PBXBuildFile; fileRef = 2B5A6EBE2A1BFC150015F35D /* ssl23.h */; };
		2B5A6F0F2A1BFC150015F35D /* shim.h in Headers */ = {isa = PBXBuildFile; fileRef = 2B5A6EBF2A1BFC150015F35D /* shim.h */; };
		2B5A6F102A1BFC150015F35D /* aes.h in Headers */ = {isa = PBXBuildFile; fileRef = 2B5A6EC02A1BFC150015F35D /* aes.h */; };
		2B5A6F112A1BFC150015F35D /* bio.h in Headers */ = {isa = PBXBuildFile; fileRef = 2B5A6EC12A1BFC150015F35D /* bio.h */; };
		2B5A6F122A1BFC150015F35D /* engine.h in Headers */ = {isa = PBXBuildFile; fileRef = 2B5A6EC22A1BFC150015F35D /* engine.h */; };
		2B5A6F132A1BFC150015F35D /* ebcdic.h in Headers */ = {isa = PBXBuildFile; fileRef = 2B5A6EC32A1BFC150015F35D /* ebcdic.h */; };
		2B5A6F142A1BFC150015F35D /* des_old.h in Headers */ = {isa = PBXBuildFile; fileRef = 2B5A6EC42A1BFC150015F35D /* des_old.h */; };
		2B5A6F152A1BFC150015F35D /* camellia.h in Headers */ = {isa = PBXBuildFile; fileRef = 2B5A6EC52A1BFC150015F35D /* camellia.h */; };
		2B5A6F162A1BFC150015F35D /* rc4.h in Headers */ = {isa = PBXBuildFile; fileRef = 2B5A6EC62A1BFC150015F35D /* rc4.h */; };
		2B5A6F172A1BFC150015F35D /* cms.h in Headers */ = {isa = PBXBuildFile; fileRef = 2B5A6EC72A1BFC150015F35D /* cms.h */; };
		2B5A6F182A1BFC150015F35D /* krb5_asn.h in Headers */ = {isa = PBXBuildFile; fileRef = 2B5A6EC82A1BFC150015F35D /* krb5_asn.h */; };
		2B5A6F192A1BFC150015F35D /* idea.h in Headers */ = {isa = PBXBuildFile; fileRef = 2B5A6EC92A1BFC150015F35D /* idea.h */; };
		2B5A6F1A2A1BFC150015F35D /* dtls1.h in Headers */ = {isa = PBXBuildFile; fileRef = 2B5A6ECA2A1BFC150015F35D /* dtls1.h */; };
		2B5A6F1B2A1BFC150015F35D /* e_os2.h in Headers */ = {isa = PBXBuildFile; fileRef = 2B5A6ECB2A1BFC150015F35D /* e_os2.h */; };
		2B5A6F1C2A1BFC150015F35D /* ec.h in Headers */ = {isa = PBXBuildFile; fileRef = 2B5A6ECC2A1BFC150015F35D /* ec.h */; };
		2B5A6F1D2A1BFC150015F35D /* pem.h in Headers */ = {isa = PBXBuildFile; fileRef = 2B5A6ECD2A1BFC150015F35D /* pem.h */; };
		2B5A6F1E2A1BFC150015F35D /* pkcs12.h in Headers */ = {isa = PBXBuildFile; fileRef = 2B5A6ECE2A1BFC150015F35D /* pkcs12.h */; };
		2B5A6F1F2A1BFC150015F35D /* seed.h in Headers */ = {isa = PBXBuildFile; fileRef = 2B5A6ECF2A1BFC150015F35D /* seed.h */; };
		2B5A6F202A1BFC150015F35D /* cmac.h in Headers */ = {isa = PBXBuildFile; fileRef = 2B5A6ED02A1BFC150015F35D /* cmac.h */; };
		2B5A6F212A1BFC150015F35D /* crypto.h in Headers */ = {isa = PBXBuildFile; fileRef = 2B5A6ED12A1BFC150015F35D /* crypto.h */; };
		2B5A6F222A1BFC150015F35D /* opensslconf-arm64.h in Headers */ = {isa = PBXBuildFile; fileRef = 2B5A6ED22A1BFC150015F35D /* opensslconf-arm64.h */; };
		2B5A6F232A1BFC150015F35D /* opensslconf-armv7s.h in Headers */ = {isa = PBXBuildFile; fileRef = 2B5A6ED32A1BFC150015F35D /* opensslconf-armv7s.h */; };
		2B5A6F252A1BFC380015F35D /* StoreKit.framework in Frameworks */ = {isa = PBXBuildFile; fileRef = 2B5A6F242A1BFC380015F35D /* StoreKit.framework */; };
		2B5A6F2E2A1C012E0015F35D /* libssl.a in Frameworks */ = {isa = PBXBuildFile; fileRef = 2B5A6F2C2A1C012E0015F35D /* libssl.a */; };
		2B5A6F2F2A1C031E0015F35D /* libcrypto.a in Frameworks */ = {isa = PBXBuildFile; fileRef = 2B5A6F2B2A1C012E0015F35D /* libcrypto.a */; };
		2B5A6F312A1C038B0015F35D /* IOKit.framework in Frameworks */ = {isa = PBXBuildFile; fileRef = 2B5A6F302A1C038B0015F35D /* IOKit.framework */; };
		2B5A6F332A1C03BD0015F35D /* libz.tbd in Frameworks */ = {isa = PBXBuildFile; fileRef = 2B5A6F322A1C03BD0015F35D /* libz.tbd */; };
		2B9F11222A0F36CE0059D11A /* CoreBluetooth.framework in Frameworks */ = {isa = PBXBuildFile; fileRef = 2B9F11212A0F36CE0059D11A /* CoreBluetooth.framework */; };
		2B9F112A2A1081410059D11A /* Ref.h in Headers */ = {isa = PBXBuildFile; fileRef = 2B9F11272A1081410059D11A /* Ref.h */; };
		2B9F112B2A1081410059D11A /* Extension_Interface.h in Headers */ = {isa = PBXBuildFile; fileRef = 2B9F11282A1081410059D11A /* Extension_Interface.h */; };
		2B9F112C2A1081410059D11A /* YYRValue.h in Headers */ = {isa = PBXBuildFile; fileRef = 2B9F11292A1081410059D11A /* YYRValue.h */; };
/* End PBXBuildFile section */

/* Begin PBXFileReference section */
		2B5A6E6E2A1BFBE10015F35D /* iOS_IAPEnums.h */ = {isa = PBXFileReference; fileEncoding = 4; lastKnownFileType = sourcecode.c.h; name = iOS_IAPEnums.h; path = "../../../../GMEXT-AppleIAP/source/AppleIAP_gml/extensions/ios_iaps/iOSSource/iOS_IAPEnums.h"; sourceTree = "<group>"; };
		2B5A6E6F2A1BFBE10015F35D /* VerifyStoreReceipt.h */ = {isa = PBXFileReference; fileEncoding = 4; lastKnownFileType = sourcecode.c.h; name = VerifyStoreReceipt.h; path = "../../../../GMEXT-AppleIAP/source/AppleIAP_gml/extensions/ios_iaps/iOSSource/VerifyStoreReceipt.h"; sourceTree = "<group>"; };
		2B5A6E702A1BFBE10015F35D /* iOS_StoreManager.mm */ = {isa = PBXFileReference; fileEncoding = 4; lastKnownFileType = sourcecode.cpp.objcpp; name = iOS_StoreManager.mm; path = "../../../../GMEXT-AppleIAP/source/AppleIAP_gml/extensions/ios_iaps/iOSSource/iOS_StoreManager.mm"; sourceTree = "<group>"; };
		2B5A6E712A1BFBE10015F35D /* iOS_TransactionListener.h */ = {isa = PBXFileReference; fileEncoding = 4; lastKnownFileType = sourcecode.c.h; name = iOS_TransactionListener.h; path = "../../../../GMEXT-AppleIAP/source/AppleIAP_gml/extensions/ios_iaps/iOSSource/iOS_TransactionListener.h"; sourceTree = "<group>"; };
		2B5A6E722A1BFBE10015F35D /* iOS_InAppPurchase.mm */ = {isa = PBXFileReference; fileEncoding = 4; lastKnownFileType = sourcecode.cpp.objcpp; name = iOS_InAppPurchase.mm; path = "../../../../GMEXT-AppleIAP/source/AppleIAP_gml/extensions/ios_iaps/iOSSource/iOS_InAppPurchase.mm"; sourceTree = "<group>"; };
		2B5A6E732A1BFBE20015F35D /* iOS_IAPEnums.mm */ = {isa = PBXFileReference; fileEncoding = 4; lastKnownFileType = sourcecode.cpp.objcpp; name = iOS_IAPEnums.mm; path = "../../../../GMEXT-AppleIAP/source/AppleIAP_gml/extensions/ios_iaps/iOSSource/iOS_IAPEnums.mm"; sourceTree = "<group>"; };
		2B5A6E742A1BFBE20015F35D /* iOS_StoreManager.h */ = {isa = PBXFileReference; fileEncoding = 4; lastKnownFileType = sourcecode.c.h; name = iOS_StoreManager.h; path = "../../../../GMEXT-AppleIAP/source/AppleIAP_gml/extensions/ios_iaps/iOSSource/iOS_StoreManager.h"; sourceTree = "<group>"; };
		2B5A6E752A1BFBE20015F35D /* iOS_InAppPurchase.h */ = {isa = PBXFileReference; fileEncoding = 4; lastKnownFileType = sourcecode.c.h; name = iOS_InAppPurchase.h; path = "../../../../GMEXT-AppleIAP/source/AppleIAP_gml/extensions/ios_iaps/iOSSource/iOS_InAppPurchase.h"; sourceTree = "<group>"; };
		2B5A6E762A1BFBE20015F35D /* iOS_TransactionListener.mm */ = {isa = PBXFileReference; fileEncoding = 4; lastKnownFileType = sourcecode.cpp.objcpp; name = iOS_TransactionListener.mm; path = "../../../../GMEXT-AppleIAP/source/AppleIAP_gml/extensions/ios_iaps/iOSSource/iOS_TransactionListener.mm"; sourceTree = "<group>"; };
		2B5A6E772A1BFBE20015F35D /* VerifyStoreReceipt.mm */ = {isa = PBXFileReference; fileEncoding = 4; lastKnownFileType = sourcecode.cpp.objcpp; name = VerifyStoreReceipt.mm; path = "../../../../GMEXT-AppleIAP/source/AppleIAP_gml/extensions/ios_iaps/iOSSource/VerifyStoreReceipt.mm"; sourceTree = "<group>"; };
		2B5A6E842A1BFC140015F35D /* ossl_typ.h */ = {isa = PBXFileReference; fileEncoding = 4; lastKnownFileType = sourcecode.c.h; name = ossl_typ.h; path = "../../../../../../GMEXT-AppleIAP/source/AppleIAP_gml/extensions/ios_iaps/iOSSource/include/openssl/ossl_typ.h"; sourceTree = "<group>"; };
		2B5A6E852A1BFC140015F35D /* rand.h */ = {isa = PBXFileReference; fileEncoding = 4; lastKnownFileType = sourcecode.c.h; name = rand.h; path = "../../../../../../GMEXT-AppleIAP/source/AppleIAP_gml/extensions/ios_iaps/iOSSource/include/openssl/rand.h"; sourceTree = "<group>"; };
		2B5A6E862A1BFC140015F35D /* tls1.h */ = {isa = PBXFileReference; fileEncoding = 4; lastKnownFileType = sourcecode.c.h; name = tls1.h; path = "../../../../../../GMEXT-AppleIAP/source/AppleIAP_gml/extensions/ios_iaps/iOSSource/include/openssl/tls1.h"; sourceTree = "<group>"; };
		2B5A6E872A1BFC140015F35D /* pqueue.h */ = {isa = PBXFileReference; fileEncoding = 4; lastKnownFileType = sourcecode.c.h; name = pqueue.h; path = "../../../../../../GMEXT-AppleIAP/source/AppleIAP_gml/extensions/ios_iaps/iOSSource/include/openssl/pqueue.h"; sourceTree = "<group>"; };
		2B5A6E882A1BFC140015F35D /* rc2.h */ = {isa = PBXFileReference; fileEncoding = 4; lastKnownFileType = sourcecode.c.h; name = rc2.h; path = "../../../../../../GMEXT-AppleIAP/source/AppleIAP_gml/extensions/ios_iaps/iOSSource/include/openssl/rc2.h"; sourceTree = "<group>"; };
		2B5A6E892A1BFC140015F35D /* blowfish.h */ = {isa = PBXFileReference; fileEncoding = 4; lastKnownFileType = sourcecode.c.h; name = blowfish.h; path = "../../../../../../GMEXT-AppleIAP/source/AppleIAP_gml/extensions/ios_iaps/iOSSource/include/openssl/blowfish.h"; sourceTree = "<group>"; };
		2B5A6E8A2A1BFC150015F35D /* ui.h */ = {isa = PBXFileReference; fileEncoding = 4; lastKnownFileType = sourcecode.c.h; name = ui.h; path = "../../../../../../GMEXT-AppleIAP/source/AppleIAP_gml/extensions/ios_iaps/iOSSource/include/openssl/ui.h"; sourceTree = "<group>"; };
		2B5A6E8B2A1BFC150015F35D /* ocsp.h */ = {isa = PBXFileReference; fileEncoding = 4; lastKnownFileType = sourcecode.c.h; name = ocsp.h; path = "../../../../../../GMEXT-AppleIAP/source/AppleIAP_gml/extensions/ios_iaps/iOSSource/include/openssl/ocsp.h"; sourceTree = "<group>"; };
		2B5A6E8C2A1BFC150015F35D /* whrlpool.h */ = {isa = PBXFileReference; fileEncoding = 4; lastKnownFileType = sourcecode.c.h; name = whrlpool.h; path = "../../../../../../GMEXT-AppleIAP/source/AppleIAP_gml/extensions/ios_iaps/iOSSource/include/openssl/whrlpool.h"; sourceTree = "<group>"; };
		2B5A6E8D2A1BFC150015F35D /* ecdsa.h */ = {isa = PBXFileReference; fileEncoding = 4; lastKnownFileType = sourcecode.c.h; name = ecdsa.h; path = "../../../../../../GMEXT-AppleIAP/source/AppleIAP_gml/extensions/ios_iaps/iOSSource/include/openssl/ecdsa.h"; sourceTree = "<group>"; };
		2B5A6E8E2A1BFC150015F35D /* comp.h */ = {isa = PBXFileReference; fileEncoding = 4; lastKnownFileType = sourcecode.c.h; name = comp.h; path = "../../../../../../GMEXT-AppleIAP/source/AppleIAP_gml/extensions/ios_iaps/iOSSource/include/openssl/comp.h"; sourceTree = "<group>"; };
		2B5A6E8F2A1BFC150015F35D /* obj_mac.h */ = {isa = PBXFileReference; fileEncoding = 4; lastKnownFileType = sourcecode.c.h; name = obj_mac.h; path = "../../../../../../GMEXT-AppleIAP/source/AppleIAP_gml/extensions/ios_iaps/iOSSource/include/openssl/obj_mac.h"; sourceTree = "<group>"; };
		2B5A6E902A1BFC150015F35D /* opensslconf-x86_64.h */ = {isa = PBXFileReference; fileEncoding = 4; lastKnownFileType = sourcecode.c.h; name = "opensslconf-x86_64.h"; path = "../../../../../../GMEXT-AppleIAP/source/AppleIAP_gml/extensions/ios_iaps/iOSSource/include/openssl/opensslconf-x86_64.h"; sourceTree = "<group>"; };
		2B5A6E912A1BFC150015F35D /* srtp.h */ = {isa = PBXFileReference; fileEncoding = 4; lastKnownFileType = sourcecode.c.h; name = srtp.h; path = "../../../../../../GMEXT-AppleIAP/source/AppleIAP_gml/extensions/ios_iaps/iOSSource/include/openssl/srtp.h"; sourceTree = "<group>"; };
		2B5A6E922A1BFC150015F35D /* asn1.h */ = {isa = PBXFileReference; fileEncoding = 4; lastKnownFileType = sourcecode.c.h; name = asn1.h; path = "../../../../../../GMEXT-AppleIAP/source/AppleIAP_gml/extensions/ios_iaps/iOSSource/include/openssl/asn1.h"; sourceTree = "<group>"; };
		2B5A6E932A1BFC150015F35D /* md5.h */ = {isa = PBXFileReference; fileEncoding = 4; lastKnownFileType = sourcecode.c.h; name = md5.h; path = "../../../../../../GMEXT-AppleIAP/source/AppleIAP_gml/extensions/ios_iaps/iOSSource/include/openssl/md5.h"; sourceTree = "<group>"; };
		2B5A6E942A1BFC150015F35D /* ripemd.h */ = {isa = PBXFileReference; fileEncoding = 4; lastKnownFileType = sourcecode.c.h; name = ripemd.h; path = "../../../../../../GMEXT-AppleIAP/source/AppleIAP_gml/extensions/ios_iaps/iOSSource/include/openssl/ripemd.h"; sourceTree = "<group>"; };
		2B5A6E952A1BFC150015F35D /* opensslv.h */ = {isa = PBXFileReference; fileEncoding = 4; lastKnownFileType = sourcecode.c.h; name = opensslv.h; path = "../../../../../../GMEXT-AppleIAP/source/AppleIAP_gml/extensions/ios_iaps/iOSSource/include/openssl/opensslv.h"; sourceTree = "<group>"; };
		2B5A6E962A1BFC150015F35D /* des.h */ = {isa = PBXFileReference; fileEncoding = 4; lastKnownFileType = sourcecode.c.h; name = des.h; path = "../../../../../../GMEXT-AppleIAP/source/AppleIAP_gml/extensions/ios_iaps/iOSSource/include/openssl/des.h"; sourceTree = "<group>"; };
		2B5A6E972A1BFC150015F35D /* dsa.h */ = {isa = PBXFileReference; fileEncoding = 4; lastKnownFileType = sourcecode.c.h; name = dsa.h; path = "../../../../../../GMEXT-AppleIAP/source/AppleIAP_gml/extensions/ios_iaps/iOSSource/include/openssl/dsa.h"; sourceTree = "<group>"; };
		2B5A6E982A1BFC150015F35D /* ssl.h */ = {isa = PBXFileReference; fileEncoding = 4; lastKnownFileType = sourcecode.c.h; name = ssl.h; path = "../../../../../../GMEXT-AppleIAP/source/AppleIAP_gml/extensions/ios_iaps/iOSSource/include/openssl/ssl.h"; sourceTree = "<group>"; };
		2B5A6E992A1BFC150015F35D /* modes.h */ = {isa = PBXFileReference; fileEncoding = 4; lastKnownFileType = sourcecode.c.h; name = modes.h; path = "../../../../../../GMEXT-AppleIAP/source/AppleIAP_gml/extensions/ios_iaps/iOSSource/include/openssl/modes.h"; sourceTree = "<group>"; };
		2B5A6E9A2A1BFC150015F35D /* x509_vfy.h */ = {isa = PBXFileReference; fileEncoding = 4; lastKnownFileType = sourcecode.c.h; name = x509_vfy.h; path = "../../../../../../GMEXT-AppleIAP/source/AppleIAP_gml/extensions/ios_iaps/iOSSource/include/openssl/x509_vfy.h"; sourceTree = "<group>"; };
		2B5A6E9B2A1BFC150015F35D /* evp.h */ = {isa = PBXFileReference; fileEncoding = 4; lastKnownFileType = sourcecode.c.h; name = evp.h; path = "../../../../../../GMEXT-AppleIAP/source/AppleIAP_gml/extensions/ios_iaps/iOSSource/include/openssl/evp.h"; sourceTree = "<group>"; };
		2B5A6E9C2A1BFC150015F35D /* mdc2.h */ = {isa = PBXFileReference; fileEncoding = 4; lastKnownFileType = sourcecode.c.h; name = mdc2.h; path = "../../../../../../GMEXT-AppleIAP/source/AppleIAP_gml/extensions/ios_iaps/iOSSource/include/openssl/mdc2.h"; sourceTree = "<group>"; };
		2B5A6E9D2A1BFC150015F35D /* cast.h */ = {isa = PBXFileReference; fileEncoding = 4; lastKnownFileType = sourcecode.c.h; name = cast.h; path = "../../../../../../GMEXT-AppleIAP/source/AppleIAP_gml/extensions/ios_iaps/iOSSource/include/openssl/cast.h"; sourceTree = "<group>"; };
		2B5A6E9E2A1BFC150015F35D /* ssl3.h */ = {isa = PBXFileReference; fileEncoding = 4; lastKnownFileType = sourcecode.c.h; name = ssl3.h; path = "../../../../../../GMEXT-AppleIAP/source/AppleIAP_gml/extensions/ios_iaps/iOSSource/include/openssl/ssl3.h"; sourceTree = "<group>"; };
		2B5A6E9F2A1BFC150015F35D /* stack.h */ = {isa = PBXFileReference; fileEncoding = 4; lastKnownFileType = sourcecode.c.h; name = stack.h; path = "../../../../../../GMEXT-AppleIAP/source/AppleIAP_gml/extensions/ios_iaps/iOSSource/include/openssl/stack.h"; sourceTree = "<group>"; };
		2B5A6EA02A1BFC150015F35D /* symhacks.h */ = {isa = PBXFileReference; fileEncoding = 4; lastKnownFileType = sourcecode.c.h; name = symhacks.h; path = "../../../../../../GMEXT-AppleIAP/source/AppleIAP_gml/extensions/ios_iaps/iOSSource/include/openssl/symhacks.h"; sourceTree = "<group>"; };
		2B5A6EA12A1BFC150015F35D /* ui_compat.h */ = {isa = PBXFileReference; fileEncoding = 4; lastKnownFileType = sourcecode.c.h; name = ui_compat.h; path = "../../../../../../GMEXT-AppleIAP/source/AppleIAP_gml/extensions/ios_iaps/iOSSource/include/openssl/ui_compat.h"; sourceTree = "<group>"; };
		2B5A6EA22A1BFC150015F35D /* hmac.h */ = {isa = PBXFileReference; fileEncoding = 4; lastKnownFileType = sourcecode.c.h; name = hmac.h; path = "../../../../../../GMEXT-AppleIAP/source/AppleIAP_gml/extensions/ios_iaps/iOSSource/include/openssl/hmac.h"; sourceTree = "<group>"; };
		2B5A6EA32A1BFC150015F35D /* ecdh.h */ = {isa = PBXFileReference; fileEncoding = 4; lastKnownFileType = sourcecode.c.h; name = ecdh.h; path = "../../../../../../GMEXT-AppleIAP/source/AppleIAP_gml/extensions/ios_iaps/iOSSource/include/openssl/ecdh.h"; sourceTree = "<group>"; };
		2B5A6EA42A1BFC150015F35D /* asn1t.h */ = {isa = PBXFileReference; fileEncoding = 4; lastKnownFileType = sourcecode.c.h; name = asn1t.h; path = "../../../../../../GMEXT-AppleIAP/source/AppleIAP_gml/extensions/ios_iaps/iOSSource/include/openssl/asn1t.h"; sourceTree = "<group>"; };
		2B5A6EA52A1BFC150015F35D /* conf.h */ = {isa = PBXFileReference; fileEncoding = 4; lastKnownFileType = sourcecode.c.h; name = conf.h; path = "../../../../../../GMEXT-AppleIAP/source/AppleIAP_gml/extensions/ios_iaps/iOSSource/include/openssl/conf.h"; sourceTree = "<group>"; };
		2B5A6EA62A1BFC150015F35D /* rsa.h */ = {isa = PBXFileReference; fileEncoding = 4; lastKnownFileType = sourcecode.c.h; name = rsa.h; path = "../../../../../../GMEXT-AppleIAP/source/AppleIAP_gml/extensions/ios_iaps/iOSSource/include/openssl/rsa.h"; sourceTree = "<group>"; };
		2B5A6EA72A1BFC150015F35D /* sha.h */ = {isa = PBXFileReference; fileEncoding = 4; lastKnownFileType = sourcecode.c.h; name = sha.h; path = "../../../../../../GMEXT-AppleIAP/source/AppleIAP_gml/extensions/ios_iaps/iOSSource/include/openssl/sha.h"; sourceTree = "<group>"; };
		2B5A6EA82A1BFC150015F35D /* dso.h */ = {isa = PBXFileReference; fileEncoding = 4; lastKnownFileType = sourcecode.c.h; name = dso.h; path = "../../../../../../GMEXT-AppleIAP/source/AppleIAP_gml/extensions/ios_iaps/iOSSource/include/openssl/dso.h"; sourceTree = "<group>"; };
		2B5A6EA92A1BFC150015F35D /* kssl.h */ = {isa = PBXFileReference; fileEncoding = 4; lastKnownFileType = sourcecode.c.h; name = kssl.h; path = "../../../../../../GMEXT-AppleIAP/source/AppleIAP_gml/extensions/ios_iaps/iOSSource/include/openssl/kssl.h"; sourceTree = "<group>"; };
		2B5A6EAA2A1BFC150015F35D /* opensslconf-armv7.h */ = {isa = PBXFileReference; fileEncoding = 4; lastKnownFileType = sourcecode.c.h; name = "opensslconf-armv7.h"; path = "../../../../../../GMEXT-AppleIAP/source/AppleIAP_gml/extensions/ios_iaps/iOSSource/include/openssl/opensslconf-armv7.h"; sourceTree = "<group>"; };
		2B5A6EAB2A1BFC150015F35D /* err.h */ = {isa = PBXFileReference; fileEncoding = 4; lastKnownFileType = sourcecode.c.h; name = err.h; path = "../../../../../../GMEXT-AppleIAP/source/AppleIAP_gml/extensions/ios_iaps/iOSSource/include/openssl/err.h"; sourceTree = "<group>"; };
		2B5A6EAC2A1BFC150015F35D /* asn1_mac.h */ = {isa = PBXFileReference; fileEncoding = 4; lastKnownFileType = sourcecode.c.h; name = asn1_mac.h; path = "../../../../../../GMEXT-AppleIAP/source/AppleIAP_gml/extensions/ios_iaps/iOSSource/include/openssl/asn1_mac.h"; sourceTree = "<group>"; };
		2B5A6EAD2A1BFC150015F35D /* md4.h */ = {isa = PBXFileReference; fileEncoding = 4; lastKnownFileType = sourcecode.c.h; name = md4.h; path = "../../../../../../GMEXT-AppleIAP/source/AppleIAP_gml/extensions/ios_iaps/iOSSource/include/openssl/md4.h"; sourceTree = "<group>"; };
		2B5A6EAE2A1BFC150015F35D /* objects.h */ = {isa = PBXFileReference; fileEncoding = 4; lastKnownFileType = sourcecode.c.h; name = objects.h; path = "../../../../../../GMEXT-AppleIAP/source/AppleIAP_gml/extensions/ios_iaps/iOSSource/include/openssl/objects.h"; sourceTree = "<group>"; };
		2B5A6EAF2A1BFC150015F35D /* dh.h */ = {isa = PBXFileReference; fileEncoding = 4; lastKnownFileType = sourcecode.c.h; name = dh.h; path = "../../../../../../GMEXT-AppleIAP/source/AppleIAP_gml/extensions/ios_iaps/iOSSource/include/openssl/dh.h"; sourceTree = "<group>"; };
		2B5A6EB02A1BFC150015F35D /* txt_db.h */ = {isa = PBXFileReference; fileEncoding = 4; lastKnownFileType = sourcecode.c.h; name = txt_db.h; path = "../../../../../../GMEXT-AppleIAP/source/AppleIAP_gml/extensions/ios_iaps/iOSSource/include/openssl/txt_db.h"; sourceTree = "<group>"; };
		2B5A6EB12A1BFC150015F35D /* x509v3.h */ = {isa = PBXFileReference; fileEncoding = 4; lastKnownFileType = sourcecode.c.h; name = x509v3.h; path = "../../../../../../GMEXT-AppleIAP/source/AppleIAP_gml/extensions/ios_iaps/iOSSource/include/openssl/x509v3.h"; sourceTree = "<group>"; };
		2B5A6EB22A1BFC150015F35D /* safestack.h */ = {isa = PBXFileReference; fileEncoding = 4; lastKnownFileType = sourcecode.c.h; name = safestack.h; path = "../../../../../../GMEXT-AppleIAP/source/AppleIAP_gml/extensions/ios_iaps/iOSSource/include/openssl/safestack.h"; sourceTree = "<group>"; };
		2B5A6EB32A1BFC150015F35D /* srp.h */ = {isa = PBXFileReference; fileEncoding = 4; lastKnownFileType = sourcecode.c.h; name = srp.h; path = "../../../../../../GMEXT-AppleIAP/source/AppleIAP_gml/extensions/ios_iaps/iOSSource/include/openssl/srp.h"; sourceTree = "<group>"; };
		2B5A6EB42A1BFC150015F35D /* ts.h */ = {isa = PBXFileReference; fileEncoding = 4; lastKnownFileType = sourcecode.c.h; name = ts.h; path = "../../../../../../GMEXT-AppleIAP/source/AppleIAP_gml/extensions/ios_iaps/iOSSource/include/openssl/ts.h"; sourceTree = "<group>"; };
		2B5A6EB52A1BFC150015F35D /* ssl2.h */ = {isa = PBXFileReference; fileEncoding = 4; lastKnownFileType = sourcecode.c.h; name = ssl2.h; path = "../../../../../../GMEXT-AppleIAP/source/AppleIAP_gml/extensions/ios_iaps/iOSSource/include/openssl/ssl2.h"; sourceTree = "<group>"; };
		2B5A6EB62A1BFC150015F35D /* opensslconf.h */ = {isa = PBXFileReference; fileEncoding = 4; lastKnownFileType = sourcecode.c.h; name = opensslconf.h; path = "../../../../../../GMEXT-AppleIAP/source/AppleIAP_gml/extensions/ios_iaps/iOSSource/include/openssl/opensslconf.h"; sourceTree = "<group>"; };
		2B5A6EB72A1BFC150015F35D /* pkcs7.h */ = {isa = PBXFileReference; fileEncoding = 4; lastKnownFileType = sourcecode.c.h; name = pkcs7.h; path = "../../../../../../GMEXT-AppleIAP/source/AppleIAP_gml/extensions/ios_iaps/iOSSource/include/openssl/pkcs7.h"; sourceTree = "<group>"; };
		2B5A6EB82A1BFC150015F35D /* conf_api.h */ = {isa = PBXFileReference; fileEncoding = 4; lastKnownFileType = sourcecode.c.h; name = conf_api.h; path = "../../../../../../GMEXT-AppleIAP/source/AppleIAP_gml/extensions/ios_iaps/iOSSource/include/openssl/conf_api.h"; sourceTree = "<group>"; };
		2B5A6EB92A1BFC150015F35D /* lhash.h */ = {isa = PBXFileReference; fileEncoding = 4; lastKnownFileType = sourcecode.c.h; name = lhash.h; path = "../../../../../../GMEXT-AppleIAP/source/AppleIAP_gml/extensions/ios_iaps/iOSSource/include/openssl/lhash.h"; sourceTree = "<group>"; };
		2B5A6EBA2A1BFC150015F35D /* bn.h */ = {isa = PBXFileReference; fileEncoding = 4; lastKnownFileType = sourcecode.c.h; name = bn.h; path = "../../../../../../GMEXT-AppleIAP/source/AppleIAP_gml/extensions/ios_iaps/iOSSource/include/openssl/bn.h"; sourceTree = "<group>"; };
		2B5A6EBB2A1BFC150015F35D /* pem2.h */ = {isa = PBXFileReference; fileEncoding = 4; lastKnownFileType = sourcecode.c.h; name = pem2.h; path = "../../../../../../GMEXT-AppleIAP/source/AppleIAP_gml/extensions/ios_iaps/iOSSource/include/openssl/pem2.h"; sourceTree = "<group>"; };
		2B5A6EBC2A1BFC150015F35D /* buffer.h */ = {isa = PBXFileReference; fileEncoding = 4; lastKnownFileType = sourcecode.c.h; name = buffer.h; path = "../../../../../../GMEXT-AppleIAP/source/AppleIAP_gml/extensions/ios_iaps/iOSSource/include/openssl/buffer.h"; sourceTree = "<group>"; };
		2B5A6EBD2A1BFC150015F35D /* x509.h */ = {isa = PBXFileReference; fileEncoding = 4; lastKnownFileType = sourcecode.c.h; name = x509.h; path = "../../../../../../GMEXT-AppleIAP/source/AppleIAP_gml/extensions/ios_iaps/iOSSource/include/openssl/x509.h"; sourceTree = "<group>"; };
		2B5A6EBE2A1BFC150015F35D /* ssl23.h */ = {isa = PBXFileReference; fileEncoding = 4; lastKnownFileType = sourcecode.c.h; name = ssl23.h; path = "../../../../../../GMEXT-AppleIAP/source/AppleIAP_gml/extensions/ios_iaps/iOSSource/include/openssl/ssl23.h"; sourceTree = "<group>"; };
		2B5A6EBF2A1BFC150015F35D /* shim.h */ = {isa = PBXFileReference; fileEncoding = 4; lastKnownFileType = sourcecode.c.h; name = shim.h; path = "../../../../../../GMEXT-AppleIAP/source/AppleIAP_gml/extensions/ios_iaps/iOSSource/include/openssl/shim.h"; sourceTree = "<group>"; };
		2B5A6EC02A1BFC150015F35D /* aes.h */ = {isa = PBXFileReference; fileEncoding = 4; lastKnownFileType = sourcecode.c.h; name = aes.h; path = "../../../../../../GMEXT-AppleIAP/source/AppleIAP_gml/extensions/ios_iaps/iOSSource/include/openssl/aes.h"; sourceTree = "<group>"; };
		2B5A6EC12A1BFC150015F35D /* bio.h */ = {isa = PBXFileReference; fileEncoding = 4; lastKnownFileType = sourcecode.c.h; name = bio.h; path = "../../../../../../GMEXT-AppleIAP/source/AppleIAP_gml/extensions/ios_iaps/iOSSource/include/openssl/bio.h"; sourceTree = "<group>"; };
		2B5A6EC22A1BFC150015F35D /* engine.h */ = {isa = PBXFileReference; fileEncoding = 4; lastKnownFileType = sourcecode.c.h; name = engine.h; path = "../../../../../../GMEXT-AppleIAP/source/AppleIAP_gml/extensions/ios_iaps/iOSSource/include/openssl/engine.h"; sourceTree = "<group>"; };
		2B5A6EC32A1BFC150015F35D /* ebcdic.h */ = {isa = PBXFileReference; fileEncoding = 4; lastKnownFileType = sourcecode.c.h; name = ebcdic.h; path = "../../../../../../GMEXT-AppleIAP/source/AppleIAP_gml/extensions/ios_iaps/iOSSource/include/openssl/ebcdic.h"; sourceTree = "<group>"; };
		2B5A6EC42A1BFC150015F35D /* des_old.h */ = {isa = PBXFileReference; fileEncoding = 4; lastKnownFileType = sourcecode.c.h; name = des_old.h; path = "../../../../../../GMEXT-AppleIAP/source/AppleIAP_gml/extensions/ios_iaps/iOSSource/include/openssl/des_old.h"; sourceTree = "<group>"; };
		2B5A6EC52A1BFC150015F35D /* camellia.h */ = {isa = PBXFileReference; fileEncoding = 4; lastKnownFileType = sourcecode.c.h; name = camellia.h; path = "../../../../../../GMEXT-AppleIAP/source/AppleIAP_gml/extensions/ios_iaps/iOSSource/include/openssl/camellia.h"; sourceTree = "<group>"; };
		2B5A6EC62A1BFC150015F35D /* rc4.h */ = {isa = PBXFileReference; fileEncoding = 4; lastKnownFileType = sourcecode.c.h; name = rc4.h; path = "../../../../../../GMEXT-AppleIAP/source/AppleIAP_gml/extensions/ios_iaps/iOSSource/include/openssl/rc4.h"; sourceTree = "<group>"; };
		2B5A6EC72A1BFC150015F35D /* cms.h */ = {isa = PBXFileReference; fileEncoding = 4; lastKnownFileType = sourcecode.c.h; name = cms.h; path = "../../../../../../GMEXT-AppleIAP/source/AppleIAP_gml/extensions/ios_iaps/iOSSource/include/openssl/cms.h"; sourceTree = "<group>"; };
		2B5A6EC82A1BFC150015F35D /* krb5_asn.h */ = {isa = PBXFileReference; fileEncoding = 4; lastKnownFileType = sourcecode.c.h; name = krb5_asn.h; path = "../../../../../../GMEXT-AppleIAP/source/AppleIAP_gml/extensions/ios_iaps/iOSSource/include/openssl/krb5_asn.h"; sourceTree = "<group>"; };
		2B5A6EC92A1BFC150015F35D /* idea.h */ = {isa = PBXFileReference; fileEncoding = 4; lastKnownFileType = sourcecode.c.h; name = idea.h; path = "../../../../../../GMEXT-AppleIAP/source/AppleIAP_gml/extensions/ios_iaps/iOSSource/include/openssl/idea.h"; sourceTree = "<group>"; };
		2B5A6ECA2A1BFC150015F35D /* dtls1.h */ = {isa = PBXFileReference; fileEncoding = 4; lastKnownFileType = sourcecode.c.h; name = dtls1.h; path = "../../../../../../GMEXT-AppleIAP/source/AppleIAP_gml/extensions/ios_iaps/iOSSource/include/openssl/dtls1.h"; sourceTree = "<group>"; };
		2B5A6ECB2A1BFC150015F35D /* e_os2.h */ = {isa = PBXFileReference; fileEncoding = 4; lastKnownFileType = sourcecode.c.h; name = e_os2.h; path = "../../../../../../GMEXT-AppleIAP/source/AppleIAP_gml/extensions/ios_iaps/iOSSource/include/openssl/e_os2.h"; sourceTree = "<group>"; };
		2B5A6ECC2A1BFC150015F35D /* ec.h */ = {isa = PBXFileReference; fileEncoding = 4; lastKnownFileType = sourcecode.c.h; name = ec.h; path = "../../../../../../GMEXT-AppleIAP/source/AppleIAP_gml/extensions/ios_iaps/iOSSource/include/openssl/ec.h"; sourceTree = "<group>"; };
		2B5A6ECD2A1BFC150015F35D /* pem.h */ = {isa = PBXFileReference; fileEncoding = 4; lastKnownFileType = sourcecode.c.h; name = pem.h; path = "../../../../../../GMEXT-AppleIAP/source/AppleIAP_gml/extensions/ios_iaps/iOSSource/include/openssl/pem.h"; sourceTree = "<group>"; };
		2B5A6ECE2A1BFC150015F35D /* pkcs12.h */ = {isa = PBXFileReference; fileEncoding = 4; lastKnownFileType = sourcecode.c.h; name = pkcs12.h; path = "../../../../../../GMEXT-AppleIAP/source/AppleIAP_gml/extensions/ios_iaps/iOSSource/include/openssl/pkcs12.h"; sourceTree = "<group>"; };
		2B5A6ECF2A1BFC150015F35D /* seed.h */ = {isa = PBXFileReference; fileEncoding = 4; lastKnownFileType = sourcecode.c.h; name = seed.h; path = "../../../../../../GMEXT-AppleIAP/source/AppleIAP_gml/extensions/ios_iaps/iOSSource/include/openssl/seed.h"; sourceTree = "<group>"; };
		2B5A6ED02A1BFC150015F35D /* cmac.h */ = {isa = PBXFileReference; fileEncoding = 4; lastKnownFileType = sourcecode.c.h; name = cmac.h; path = "../../../../../../GMEXT-AppleIAP/source/AppleIAP_gml/extensions/ios_iaps/iOSSource/include/openssl/cmac.h"; sourceTree = "<group>"; };
		2B5A6ED12A1BFC150015F35D /* crypto.h */ = {isa = PBXFileReference; fileEncoding = 4; lastKnownFileType = sourcecode.c.h; name = crypto.h; path = "../../../../../../GMEXT-AppleIAP/source/AppleIAP_gml/extensions/ios_iaps/iOSSource/include/openssl/crypto.h"; sourceTree = "<group>"; };
		2B5A6ED22A1BFC150015F35D /* opensslconf-arm64.h */ = {isa = PBXFileReference; fileEncoding = 4; lastKnownFileType = sourcecode.c.h; name = "opensslconf-arm64.h"; path = "../../../../../../GMEXT-AppleIAP/source/AppleIAP_gml/extensions/ios_iaps/iOSSource/include/openssl/opensslconf-arm64.h"; sourceTree = "<group>"; };
		2B5A6ED32A1BFC150015F35D /* opensslconf-armv7s.h */ = {isa = PBXFileReference; fileEncoding = 4; lastKnownFileType = sourcecode.c.h; name = "opensslconf-armv7s.h"; path = "../../../../../../GMEXT-AppleIAP/source/AppleIAP_gml/extensions/ios_iaps/iOSSource/include/openssl/opensslconf-armv7s.h"; sourceTree = "<group>"; };
		2B5A6F242A1BFC380015F35D /* StoreKit.framework */ = {isa = PBXFileReference; lastKnownFileType = wrapper.framework; name = StoreKit.framework; path = System/Library/Frameworks/StoreKit.framework; sourceTree = SDKROOT; };
		2B5A6F262A1BFC670015F35D /* CoreFoundation.framework */ = {isa = PBXFileReference; lastKnownFileType = wrapper.framework; name = CoreFoundation.framework; path = System/Library/Frameworks/CoreFoundation.framework; sourceTree = SDKROOT; };
		2B5A6F282A1BFD370015F35D /* AppKit.framework */ = {isa = PBXFileReference; lastKnownFileType = wrapper.framework; name = AppKit.framework; path = System/Library/Frameworks/AppKit.framework; sourceTree = SDKROOT; };
		2B5A6F2B2A1C012E0015F35D /* libcrypto.a */ = {isa = PBXFileReference; lastKnownFileType = archive.ar; name = libcrypto.a; path = "../../../../../GMEXT-AppleIAP/source/AppleIAP_xcode/maciapextension/lib/libcrypto.a"; sourceTree = "<group>"; };
		2B5A6F2C2A1C012E0015F35D /* libssl.a */ = {isa = PBXFileReference; lastKnownFileType = archive.ar; name = libssl.a; path = "../../../../../GMEXT-AppleIAP/source/AppleIAP_xcode/maciapextension/lib/libssl.a"; sourceTree = "<group>"; };
		2B5A6F302A1C038B0015F35D /* IOKit.framework */ = {isa = PBXFileReference; lastKnownFileType = wrapper.framework; name = IOKit.framework; path = System/Library/Frameworks/IOKit.framework; sourceTree = SDKROOT; };
		2B5A6F322A1C03BD0015F35D /* libz.tbd */ = {isa = PBXFileReference; lastKnownFileType = "sourcecode.text-based-dylib-definition"; name = libz.tbd; path = usr/lib/libz.tbd; sourceTree = SDKROOT; };
		2B7821DA278CE36400EE6530 /* libMacIapExtension.dylib */ = {isa = PBXFileReference; explicitFileType = "compiled.mach-o.dylib"; includeInIndex = 0; path = libMacIapExtension.dylib; sourceTree = BUILT_PRODUCTS_DIR; };
		2B9F11212A0F36CE0059D11A /* CoreBluetooth.framework */ = {isa = PBXFileReference; lastKnownFileType = wrapper.framework; name = CoreBluetooth.framework; path = System/Library/Frameworks/CoreBluetooth.framework; sourceTree = SDKROOT; };
		2B9F11272A1081410059D11A /* Ref.h */ = {isa = PBXFileReference; fileEncoding = 4; lastKnownFileType = sourcecode.c.h; path = Ref.h; sourceTree = "<group>"; };
		2B9F11282A1081410059D11A /* Extension_Interface.h */ = {isa = PBXFileReference; fileEncoding = 4; lastKnownFileType = sourcecode.c.h; path = Extension_Interface.h; sourceTree = "<group>"; };
		2B9F11292A1081410059D11A /* YYRValue.h */ = {isa = PBXFileReference; fileEncoding = 4; lastKnownFileType = sourcecode.c.h; path = YYRValue.h; sourceTree = "<group>"; };
/* End PBXFileReference section */

/* Begin PBXFrameworksBuildPhase section */
		2B7821D8278CE36400EE6530 /* Frameworks */ = {
			isa = PBXFrameworksBuildPhase;
			buildActionMask = 2147483647;
			files = (
				2B5A6F332A1C03BD0015F35D /* libz.tbd in Frameworks */,
				2B5A6F312A1C038B0015F35D /* IOKit.framework in Frameworks */,
				2B5A6F2E2A1C012E0015F35D /* libssl.a in Frameworks */,
				2B5A6F2F2A1C031E0015F35D /* libcrypto.a in Frameworks */,
				2B5A6F252A1BFC380015F35D /* StoreKit.framework in Frameworks */,
				2B9F11222A0F36CE0059D11A /* CoreBluetooth.framework in Frameworks */,
			);
			runOnlyForDeploymentPostprocessing = 0;
		};
/* End PBXFrameworksBuildPhase section */

/* Begin PBXGroup section */
		2B5A6E822A1BFBEA0015F35D /* include */ = {
			isa = PBXGroup;
			children = (
				2B5A6E832A1BFBFE0015F35D /* openssl */,
			);
			path = include;
			sourceTree = "<group>";
		};
		2B5A6E832A1BFBFE0015F35D /* openssl */ = {
			isa = PBXGroup;
			children = (
				2B5A6EC02A1BFC150015F35D /* aes.h */,
				2B5A6EAC2A1BFC150015F35D /* asn1_mac.h */,
				2B5A6E922A1BFC150015F35D /* asn1.h */,
				2B5A6EA42A1BFC150015F35D /* asn1t.h */,
				2B5A6EC12A1BFC150015F35D /* bio.h */,
				2B5A6E892A1BFC140015F35D /* blowfish.h */,
				2B5A6EBA2A1BFC150015F35D /* bn.h */,
				2B5A6EBC2A1BFC150015F35D /* buffer.h */,
				2B5A6EC52A1BFC150015F35D /* camellia.h */,
				2B5A6E9D2A1BFC150015F35D /* cast.h */,
				2B5A6ED02A1BFC150015F35D /* cmac.h */,
				2B5A6EC72A1BFC150015F35D /* cms.h */,
				2B5A6E8E2A1BFC150015F35D /* comp.h */,
				2B5A6EB82A1BFC150015F35D /* conf_api.h */,
				2B5A6EA52A1BFC150015F35D /* conf.h */,
				2B5A6ED12A1BFC150015F35D /* crypto.h */,
				2B5A6EC42A1BFC150015F35D /* des_old.h */,
				2B5A6E962A1BFC150015F35D /* des.h */,
				2B5A6EAF2A1BFC150015F35D /* dh.h */,
				2B5A6E972A1BFC150015F35D /* dsa.h */,
				2B5A6EA82A1BFC150015F35D /* dso.h */,
				2B5A6ECA2A1BFC150015F35D /* dtls1.h */,
				2B5A6ECB2A1BFC150015F35D /* e_os2.h */,
				2B5A6EC32A1BFC150015F35D /* ebcdic.h */,
				2B5A6ECC2A1BFC150015F35D /* ec.h */,
				2B5A6EA32A1BFC150015F35D /* ecdh.h */,
				2B5A6E8D2A1BFC150015F35D /* ecdsa.h */,
				2B5A6EC22A1BFC150015F35D /* engine.h */,
				2B5A6EAB2A1BFC150015F35D /* err.h */,
				2B5A6E9B2A1BFC150015F35D /* evp.h */,
				2B5A6EA22A1BFC150015F35D /* hmac.h */,
				2B5A6EC92A1BFC150015F35D /* idea.h */,
				2B5A6EC82A1BFC150015F35D /* krb5_asn.h */,
				2B5A6EA92A1BFC150015F35D /* kssl.h */,
				2B5A6EB92A1BFC150015F35D /* lhash.h */,
				2B5A6EAD2A1BFC150015F35D /* md4.h */,
				2B5A6E932A1BFC150015F35D /* md5.h */,
				2B5A6E9C2A1BFC150015F35D /* mdc2.h */,
				2B5A6E992A1BFC150015F35D /* modes.h */,
				2B5A6E8F2A1BFC150015F35D /* obj_mac.h */,
				2B5A6EAE2A1BFC150015F35D /* objects.h */,
				2B5A6E8B2A1BFC150015F35D /* ocsp.h */,
				2B5A6ED22A1BFC150015F35D /* opensslconf-arm64.h */,
				2B5A6EAA2A1BFC150015F35D /* opensslconf-armv7.h */,
				2B5A6ED32A1BFC150015F35D /* opensslconf-armv7s.h */,
				2B5A6E902A1BFC150015F35D /* opensslconf-x86_64.h */,
				2B5A6EB62A1BFC150015F35D /* opensslconf.h */,
				2B5A6E952A1BFC150015F35D /* opensslv.h */,
				2B5A6E842A1BFC140015F35D /* ossl_typ.h */,
				2B5A6ECD2A1BFC150015F35D /* pem.h */,
				2B5A6EBB2A1BFC150015F35D /* pem2.h */,
				2B5A6EB72A1BFC150015F35D /* pkcs7.h */,
				2B5A6ECE2A1BFC150015F35D /* pkcs12.h */,
				2B5A6E872A1BFC140015F35D /* pqueue.h */,
				2B5A6E852A1BFC140015F35D /* rand.h */,
				2B5A6E882A1BFC140015F35D /* rc2.h */,
				2B5A6EC62A1BFC150015F35D /* rc4.h */,
				2B5A6E942A1BFC150015F35D /* ripemd.h */,
				2B5A6EA62A1BFC150015F35D /* rsa.h */,
				2B5A6EB22A1BFC150015F35D /* safestack.h */,
				2B5A6ECF2A1BFC150015F35D /* seed.h */,
				2B5A6EA72A1BFC150015F35D /* sha.h */,
				2B5A6EBF2A1BFC150015F35D /* shim.h */,
				2B5A6EB32A1BFC150015F35D /* srp.h */,
				2B5A6E912A1BFC150015F35D /* srtp.h */,
				2B5A6E982A1BFC150015F35D /* ssl.h */,
				2B5A6EB52A1BFC150015F35D /* ssl2.h */,
				2B5A6E9E2A1BFC150015F35D /* ssl3.h */,
				2B5A6EBE2A1BFC150015F35D /* ssl23.h */,
				2B5A6E9F2A1BFC150015F35D /* stack.h */,
				2B5A6EA02A1BFC150015F35D /* symhacks.h */,
				2B5A6E862A1BFC140015F35D /* tls1.h */,
				2B5A6EB42A1BFC150015F35D /* ts.h */,
				2B5A6EB02A1BFC150015F35D /* txt_db.h */,
				2B5A6EA12A1BFC150015F35D /* ui_compat.h */,
				2B5A6E8A2A1BFC150015F35D /* ui.h */,
				2B5A6E8C2A1BFC150015F35D /* whrlpool.h */,
				2B5A6E9A2A1BFC150015F35D /* x509_vfy.h */,
				2B5A6EBD2A1BFC150015F35D /* x509.h */,
				2B5A6EB12A1BFC150015F35D /* x509v3.h */,
			);
			path = openssl;
			sourceTree = "<group>";
		};
		2B5A6F2A2A1C011C0015F35D /* lib */ = {
			isa = PBXGroup;
			children = (
				2B5A6F2B2A1C012E0015F35D /* libcrypto.a */,
				2B5A6F2C2A1C012E0015F35D /* libssl.a */,
			);
			path = lib;
			sourceTree = "<group>";
		};
		2B7821D1278CE36400EE6530 = {
			isa = PBXGroup;
			children = (
				2B7821DC278CE36400EE6530 /* MacIapExtension */,
				2B7821DB278CE36400EE6530 /* Products */,
				2B9F11202A0F36CE0059D11A /* Frameworks */,
			);
			sourceTree = "<group>";
		};
		2B7821DB278CE36400EE6530 /* Products */ = {
			isa = PBXGroup;
			children = (
				2B7821DA278CE36400EE6530 /* libMacIapExtension.dylib */,
			);
			name = Products;
			sourceTree = "<group>";
		};
		2B7821DC278CE36400EE6530 /* MacIapExtension */ = {
			isa = PBXGroup;
			children = (
				2B5A6F2A2A1C011C0015F35D /* lib */,
				2B5A6E822A1BFBEA0015F35D /* include */,
				2B5A6E6E2A1BFBE10015F35D /* iOS_IAPEnums.h */,
				2B5A6E732A1BFBE20015F35D /* iOS_IAPEnums.mm */,
				2B5A6E752A1BFBE20015F35D /* iOS_InAppPurchase.h */,
				2B5A6E722A1BFBE10015F35D /* iOS_InAppPurchase.mm */,
				2B5A6E742A1BFBE20015F35D /* iOS_StoreManager.h */,
				2B5A6E702A1BFBE10015F35D /* iOS_StoreManager.mm */,
				2B5A6E712A1BFBE10015F35D /* iOS_TransactionListener.h */,
				2B5A6E762A1BFBE20015F35D /* iOS_TransactionListener.mm */,
				2B5A6E6F2A1BFBE10015F35D /* VerifyStoreReceipt.h */,
				2B5A6E772A1BFBE20015F35D /* VerifyStoreReceipt.mm */,
				2B9F11282A1081410059D11A /* Extension_Interface.h */,
				2B9F11272A1081410059D11A /* Ref.h */,
				2B9F11292A1081410059D11A /* YYRValue.h */,
			);
			path = MacIapExtension;
			sourceTree = "<group>";
		};
		2B9F11202A0F36CE0059D11A /* Frameworks */ = {
			isa = PBXGroup;
			children = (
				2B5A6F322A1C03BD0015F35D /* libz.tbd */,
				2B5A6F302A1C038B0015F35D /* IOKit.framework */,
				2B5A6F282A1BFD370015F35D /* AppKit.framework */,
				2B5A6F262A1BFC670015F35D /* CoreFoundation.framework */,
				2B5A6F242A1BFC380015F35D /* StoreKit.framework */,
				2B9F11212A0F36CE0059D11A /* CoreBluetooth.framework */,
			);
			name = Frameworks;
			sourceTree = "<group>";
		};
/* End PBXGroup section */

/* Begin PBXHeadersBuildPhase section */
		2B7821D6278CE36400EE6530 /* Headers */ = {
			isa = PBXHeadersBuildPhase;
			buildActionMask = 2147483647;
			files = (
				2B5A6F172A1BFC150015F35D /* cms.h in Headers */,
				2B5A6F112A1BFC150015F35D /* bio.h in Headers */,
				2B5A6F222A1BFC150015F35D /* opensslconf-arm64.h in Headers */,
				2B5A6F0B2A1BFC150015F35D /* pem2.h in Headers */,
				2B5A6EEB2A1BFC150015F35D /* evp.h in Headers */,
				2B5A6ED72A1BFC150015F35D /* pqueue.h in Headers */,
				2B5A6EDB2A1BFC150015F35D /* ocsp.h in Headers */,
				2B5A6E7F2A1BFBE20015F35D /* iOS_InAppPurchase.h in Headers */,
				2B5A6F002A1BFC150015F35D /* txt_db.h in Headers */,
				2B5A6EF22A1BFC150015F35D /* hmac.h in Headers */,
				2B5A6EED2A1BFC150015F35D /* cast.h in Headers */,
				2B9F112A2A1081410059D11A /* Ref.h in Headers */,
				2B5A6ED92A1BFC150015F35D /* blowfish.h in Headers */,
				2B5A6F0A2A1BFC150015F35D /* bn.h in Headers */,
				2B5A6EE32A1BFC150015F35D /* md5.h in Headers */,
				2B5A6F152A1BFC150015F35D /* camellia.h in Headers */,
				2B5A6F012A1BFC150015F35D /* x509v3.h in Headers */,
				2B5A6F032A1BFC150015F35D /* srp.h in Headers */,
				2B5A6ED52A1BFC150015F35D /* rand.h in Headers */,
				2B5A6F052A1BFC150015F35D /* ssl2.h in Headers */,
				2B5A6ED62A1BFC150015F35D /* tls1.h in Headers */,
				2B5A6EF42A1BFC150015F35D /* asn1t.h in Headers */,
				2B5A6F062A1BFC150015F35D /* opensslconf.h in Headers */,
				2B5A6EF82A1BFC150015F35D /* dso.h in Headers */,
				2B5A6F0F2A1BFC150015F35D /* shim.h in Headers */,
				2B5A6EEF2A1BFC150015F35D /* stack.h in Headers */,
				2B5A6EE82A1BFC150015F35D /* ssl.h in Headers */,
				2B5A6F232A1BFC150015F35D /* opensslconf-armv7s.h in Headers */,
				2B5A6EEA2A1BFC150015F35D /* x509_vfy.h in Headers */,
				2B5A6EFE2A1BFC150015F35D /* objects.h in Headers */,
				2B5A6ED82A1BFC150015F35D /* rc2.h in Headers */,
				2B5A6EF92A1BFC150015F35D /* kssl.h in Headers */,
				2B5A6F022A1BFC150015F35D /* safestack.h in Headers */,
				2B5A6F1C2A1BFC150015F35D /* ec.h in Headers */,
				2B5A6EF12A1BFC150015F35D /* ui_compat.h in Headers */,
				2B5A6F132A1BFC150015F35D /* ebcdic.h in Headers */,
				2B5A6EDA2A1BFC150015F35D /* ui.h in Headers */,
				2B5A6E7E2A1BFBE20015F35D /* iOS_StoreManager.h in Headers */,
				2B5A6F1D2A1BFC150015F35D /* pem.h in Headers */,
				2B5A6EDC2A1BFC150015F35D /* whrlpool.h in Headers */,
				2B5A6F092A1BFC150015F35D /* lhash.h in Headers */,
				2B5A6EF32A1BFC150015F35D /* ecdh.h in Headers */,
				2B5A6EFB2A1BFC150015F35D /* err.h in Headers */,
				2B5A6EEE2A1BFC150015F35D /* ssl3.h in Headers */,
				2B5A6EEC2A1BFC150015F35D /* mdc2.h in Headers */,
				2B5A6EE92A1BFC150015F35D /* modes.h in Headers */,
				2B5A6EF02A1BFC150015F35D /* symhacks.h in Headers */,
				2B5A6EFC2A1BFC150015F35D /* asn1_mac.h in Headers */,
				2B5A6EFD2A1BFC150015F35D /* md4.h in Headers */,
				2B5A6F0D2A1BFC150015F35D /* x509.h in Headers */,
				2B5A6EE02A1BFC150015F35D /* opensslconf-x86_64.h in Headers */,
				2B5A6EFA2A1BFC150015F35D /* opensslconf-armv7.h in Headers */,
				2B5A6F162A1BFC150015F35D /* rc4.h in Headers */,
				2B5A6EE52A1BFC150015F35D /* opensslv.h in Headers */,
				2B5A6EE62A1BFC150015F35D /* des.h in Headers */,
				2B5A6F072A1BFC150015F35D /* pkcs7.h in Headers */,
				2B5A6F1A2A1BFC150015F35D /* dtls1.h in Headers */,
				2B5A6F102A1BFC150015F35D /* aes.h in Headers */,
				2B5A6F082A1BFC150015F35D /* conf_api.h in Headers */,
				2B5A6EF52A1BFC150015F35D /* conf.h in Headers */,
				2B5A6F212A1BFC150015F35D /* crypto.h in Headers */,
				2B5A6E782A1BFBE20015F35D /* iOS_IAPEnums.h in Headers */,
				2B5A6ED42A1BFC150015F35D /* ossl_typ.h in Headers */,
				2B5A6F042A1BFC150015F35D /* ts.h in Headers */,
				2B5A6F1E2A1BFC150015F35D /* pkcs12.h in Headers */,
				2B5A6F1B2A1BFC150015F35D /* e_os2.h in Headers */,
				2B5A6EE22A1BFC150015F35D /* asn1.h in Headers */,
				2B5A6EF72A1BFC150015F35D /* sha.h in Headers */,
				2B5A6EF62A1BFC150015F35D /* rsa.h in Headers */,
				2B5A6F192A1BFC150015F35D /* idea.h in Headers */,
				2B9F112C2A1081410059D11A /* YYRValue.h in Headers */,
				2B5A6F0E2A1BFC150015F35D /* ssl23.h in Headers */,
				2B5A6F1F2A1BFC150015F35D /* seed.h in Headers */,
				2B5A6F122A1BFC150015F35D /* engine.h in Headers */,
				2B5A6EDE2A1BFC150015F35D /* comp.h in Headers */,
				2B5A6E7B2A1BFBE20015F35D /* iOS_TransactionListener.h in Headers */,
				2B5A6F182A1BFC150015F35D /* krb5_asn.h in Headers */,
				2B5A6E792A1BFBE20015F35D /* VerifyStoreReceipt.h in Headers */,
				2B5A6F202A1BFC150015F35D /* cmac.h in Headers */,
				2B5A6EE42A1BFC150015F35D /* ripemd.h in Headers */,
				2B5A6EE72A1BFC150015F35D /* dsa.h in Headers */,
				2B5A6EDD2A1BFC150015F35D /* ecdsa.h in Headers */,
				2B5A6EDF2A1BFC150015F35D /* obj_mac.h in Headers */,
				2B5A6F142A1BFC150015F35D /* des_old.h in Headers */,
				2B5A6F0C2A1BFC150015F35D /* buffer.h in Headers */,
				2B5A6EE12A1BFC150015F35D /* srtp.h in Headers */,
				2B9F112B2A1081410059D11A /* Extension_Interface.h in Headers */,
				2B5A6EFF2A1BFC150015F35D /* dh.h in Headers */,
			);
			runOnlyForDeploymentPostprocessing = 0;
		};
/* End PBXHeadersBuildPhase section */

/* Begin PBXNativeTarget section */
		2B7821D9278CE36400EE6530 /* MacIapExtension */ = {
			isa = PBXNativeTarget;
			buildConfigurationList = 2B7821E5278CE36400EE6530 /* Build configuration list for PBXNativeTarget "MacIapExtension" */;
			buildPhases = (
				2B7821D6278CE36400EE6530 /* Headers */,
				2B7821D7278CE36400EE6530 /* Sources */,
				2B7821D8278CE36400EE6530 /* Frameworks */,
			);
			buildRules = (
			);
			dependencies = (
			);
			name = MacIapExtension;
			productName = SimpleDesktopExtension;
			productReference = 2B7821DA278CE36400EE6530 /* libMacIapExtension.dylib */;
			productType = "com.apple.product-type.library.dynamic";
		};
/* End PBXNativeTarget section */

/* Begin PBXProject section */
		2B7821D2278CE36400EE6530 /* Project object */ = {
			isa = PBXProject;
			attributes = {
				BuildIndependentTargetsInParallel = 1;
				LastUpgradeCheck = 1320;
				TargetAttributes = {
					2B7821D9278CE36400EE6530 = {
						CreatedOnToolsVersion = 13.2.1;
					};
				};
			};
			buildConfigurationList = 2B7821D5278CE36400EE6530 /* Build configuration list for PBXProject "MacIapExtension" */;
			compatibilityVersion = "Xcode 13.0";
			developmentRegion = en;
			hasScannedForEncodings = 0;
			knownRegions = (
				en,
				Base,
			);
			mainGroup = 2B7821D1278CE36400EE6530;
			productRefGroup = 2B7821DB278CE36400EE6530 /* Products */;
			projectDirPath = "";
			projectRoot = "";
			targets = (
				2B7821D9278CE36400EE6530 /* MacIapExtension */,
			);
		};
/* End PBXProject section */

/* Begin PBXSourcesBuildPhase section */
		2B7821D7278CE36400EE6530 /* Sources */ = {
			isa = PBXSourcesBuildPhase;
			buildActionMask = 2147483647;
			files = (
				2B5A6E7C2A1BFBE20015F35D /* iOS_InAppPurchase.mm in Sources */,
				2B5A6E802A1BFBE20015F35D /* iOS_TransactionListener.mm in Sources */,
				2B5A6E7A2A1BFBE20015F35D /* iOS_StoreManager.mm in Sources */,
				2B5A6E7D2A1BFBE20015F35D /* iOS_IAPEnums.mm in Sources */,
				2B5A6E812A1BFBE20015F35D /* VerifyStoreReceipt.mm in Sources */,
			);
			runOnlyForDeploymentPostprocessing = 0;
		};
/* End PBXSourcesBuildPhase section */

/* Begin XCBuildConfiguration section */
		2B7821E3278CE36400EE6530 /* Debug */ = {
			isa = XCBuildConfiguration;
			buildSettings = {
				ALWAYS_SEARCH_USER_PATHS = NO;
				CLANG_ANALYZER_NONNULL = YES;
				CLANG_ANALYZER_NUMBER_OBJECT_CONVERSION = YES_AGGRESSIVE;
				CLANG_CXX_LANGUAGE_STANDARD = "gnu++17";
				CLANG_CXX_LIBRARY = "libc++";
				CLANG_ENABLE_MODULES = YES;
				CLANG_ENABLE_OBJC_ARC = YES;
				CLANG_ENABLE_OBJC_WEAK = YES;
				CLANG_WARN_BLOCK_CAPTURE_AUTORELEASING = YES;
				CLANG_WARN_BOOL_CONVERSION = YES;
				CLANG_WARN_COMMA = YES;
				CLANG_WARN_CONSTANT_CONVERSION = YES;
				CLANG_WARN_DEPRECATED_OBJC_IMPLEMENTATIONS = YES;
				CLANG_WARN_DIRECT_OBJC_ISA_USAGE = YES_ERROR;
				CLANG_WARN_DOCUMENTATION_COMMENTS = YES;
				CLANG_WARN_EMPTY_BODY = YES;
				CLANG_WARN_ENUM_CONVERSION = YES;
				CLANG_WARN_INFINITE_RECURSION = YES;
				CLANG_WARN_INT_CONVERSION = YES;
				CLANG_WARN_NON_LITERAL_NULL_CONVERSION = YES;
				CLANG_WARN_OBJC_IMPLICIT_RETAIN_SELF = YES;
				CLANG_WARN_OBJC_LITERAL_CONVERSION = YES;
				CLANG_WARN_OBJC_ROOT_CLASS = YES_ERROR;
				CLANG_WARN_QUOTED_INCLUDE_IN_FRAMEWORK_HEADER = YES;
				CLANG_WARN_RANGE_LOOP_ANALYSIS = YES;
				CLANG_WARN_STRICT_PROTOTYPES = YES;
				CLANG_WARN_SUSPICIOUS_MOVE = YES;
				CLANG_WARN_UNGUARDED_AVAILABILITY = YES_AGGRESSIVE;
				CLANG_WARN_UNREACHABLE_CODE = YES;
				CLANG_WARN__DUPLICATE_METHOD_MATCH = YES;
				COPY_PHASE_STRIP = NO;
				DEBUG_INFORMATION_FORMAT = dwarf;
				DEVELOPMENT_TEAM = C9E7J7HL3D;
				ENABLE_STRICT_OBJC_MSGSEND = YES;
				ENABLE_TESTABILITY = YES;
				GCC_C_LANGUAGE_STANDARD = gnu11;
				GCC_DYNAMIC_NO_PIC = NO;
				GCC_NO_COMMON_BLOCKS = YES;
				GCC_OPTIMIZATION_LEVEL = 0;
				GCC_PREPROCESSOR_DEFINITIONS = (
					"DEBUG=1",
					"$(inherited)",
				);
				GCC_WARN_64_TO_32_BIT_CONVERSION = YES;
				GCC_WARN_ABOUT_RETURN_TYPE = YES_ERROR;
				GCC_WARN_UNDECLARED_SELECTOR = YES;
				GCC_WARN_UNINITIALIZED_AUTOS = YES_AGGRESSIVE;
				GCC_WARN_UNUSED_FUNCTION = YES;
				GCC_WARN_UNUSED_VARIABLE = YES;
				MACOSX_DEPLOYMENT_TARGET = 11.5;
				MTL_ENABLE_DEBUG_INFO = INCLUDE_SOURCE;
				MTL_FAST_MATH = YES;
				ONLY_ACTIVE_ARCH = YES;
				SDKROOT = macosx;
			};
			name = Debug;
		};
		2B7821E4278CE36400EE6530 /* Release */ = {
			isa = XCBuildConfiguration;
			buildSettings = {
				ALWAYS_SEARCH_USER_PATHS = NO;
				CLANG_ANALYZER_NONNULL = YES;
				CLANG_ANALYZER_NUMBER_OBJECT_CONVERSION = YES_AGGRESSIVE;
				CLANG_CXX_LANGUAGE_STANDARD = "gnu++17";
				CLANG_CXX_LIBRARY = "libc++";
				CLANG_ENABLE_MODULES = YES;
				CLANG_ENABLE_OBJC_ARC = YES;
				CLANG_ENABLE_OBJC_WEAK = YES;
				CLANG_WARN_BLOCK_CAPTURE_AUTORELEASING = YES;
				CLANG_WARN_BOOL_CONVERSION = YES;
				CLANG_WARN_COMMA = YES;
				CLANG_WARN_CONSTANT_CONVERSION = YES;
				CLANG_WARN_DEPRECATED_OBJC_IMPLEMENTATIONS = YES;
				CLANG_WARN_DIRECT_OBJC_ISA_USAGE = YES_ERROR;
				CLANG_WARN_DOCUMENTATION_COMMENTS = YES;
				CLANG_WARN_EMPTY_BODY = YES;
				CLANG_WARN_ENUM_CONVERSION = YES;
				CLANG_WARN_INFINITE_RECURSION = YES;
				CLANG_WARN_INT_CONVERSION = YES;
				CLANG_WARN_NON_LITERAL_NULL_CONVERSION = YES;
				CLANG_WARN_OBJC_IMPLICIT_RETAIN_SELF = YES;
				CLANG_WARN_OBJC_LITERAL_CONVERSION = YES;
				CLANG_WARN_OBJC_ROOT_CLASS = YES_ERROR;
				CLANG_WARN_QUOTED_INCLUDE_IN_FRAMEWORK_HEADER = YES;
				CLANG_WARN_RANGE_LOOP_ANALYSIS = YES;
				CLANG_WARN_STRICT_PROTOTYPES = YES;
				CLANG_WARN_SUSPICIOUS_MOVE = YES;
				CLANG_WARN_UNGUARDED_AVAILABILITY = YES_AGGRESSIVE;
				CLANG_WARN_UNREACHABLE_CODE = YES;
				CLANG_WARN__DUPLICATE_METHOD_MATCH = YES;
				COPY_PHASE_STRIP = NO;
				DEBUG_INFORMATION_FORMAT = "dwarf-with-dsym";
				DEVELOPMENT_TEAM = C9E7J7HL3D;
				ENABLE_NS_ASSERTIONS = NO;
				ENABLE_STRICT_OBJC_MSGSEND = YES;
				GCC_C_LANGUAGE_STANDARD = gnu11;
				GCC_NO_COMMON_BLOCKS = YES;
				GCC_WARN_64_TO_32_BIT_CONVERSION = YES;
				GCC_WARN_ABOUT_RETURN_TYPE = YES_ERROR;
				GCC_WARN_UNDECLARED_SELECTOR = YES;
				GCC_WARN_UNINITIALIZED_AUTOS = YES_AGGRESSIVE;
				GCC_WARN_UNUSED_FUNCTION = YES;
				GCC_WARN_UNUSED_VARIABLE = YES;
				MACOSX_DEPLOYMENT_TARGET = 11.5;
				MTL_ENABLE_DEBUG_INFO = NO;
				MTL_FAST_MATH = YES;
				SDKROOT = macosx;
			};
			name = Release;
		};
		2B7821E6278CE36400EE6530 /* Debug */ = {
			isa = XCBuildConfiguration;
			buildSettings = {
				CLANG_ENABLE_OBJC_ARC = NO;
				CODE_SIGN_STYLE = Automatic;
				DEVELOPMENT_TEAM = C9E7J7HL3D;
				DYLIB_COMPATIBILITY_VERSION = 1;
				DYLIB_CURRENT_VERSION = 1;
				EXECUTABLE_PREFIX = lib;
				GCC_ENABLE_CPP_EXCEPTIONS = YES;
				GCC_ENABLE_CPP_RTTI = YES;
				GCC_SYMBOLS_PRIVATE_EXTERN = YES;
				LIBRARY_SEARCH_PATHS = "${PROJECT_DIR}/MacIapExtension/lib/";
				ONLY_ACTIVE_ARCH = NO;
				PRODUCT_NAME = "$(TARGET_NAME)";
				SKIP_INSTALL = YES;
			};
			name = Debug;
		};
		2B7821E7278CE36400EE6530 /* Release */ = {
			isa = XCBuildConfiguration;
			buildSettings = {
				CLANG_ENABLE_OBJC_ARC = NO;
				CODE_SIGN_STYLE = Automatic;
				DEVELOPMENT_TEAM = C9E7J7HL3D;
				DYLIB_COMPATIBILITY_VERSION = 1;
				DYLIB_CURRENT_VERSION = 1;
				EXECUTABLE_PREFIX = lib;
				GCC_ENABLE_CPP_EXCEPTIONS = YES;
				GCC_ENABLE_CPP_RTTI = YES;
				GCC_SYMBOLS_PRIVATE_EXTERN = YES;
				LIBRARY_SEARCH_PATHS = "${PROJECT_DIR}/MacIapExtension/lib/";
				ONLY_ACTIVE_ARCH = NO;
				PRODUCT_NAME = "$(TARGET_NAME)";
				SKIP_INSTALL = YES;
			};
			name = Release;
		};
/* End XCBuildConfiguration section */

/* Begin XCConfigurationList section */
		2B7821D5278CE36400EE6530 /* Build configuration list for PBXProject "MacIapExtension" */ = {
			isa = XCConfigurationList;
			buildConfigurations = (
				2B7821E3278CE36400EE6530 /* Debug */,
				2B7821E4278CE36400EE6530 /* Release */,
			);
			defaultConfigurationIsVisible = 0;
			defaultConfigurationName = Release;
		};
		2B7821E5278CE36400EE6530 /* Build configuration list for PBXNativeTarget "MacIapExtension" */ = {
			isa = XCConfigurationList;
			buildConfigurations = (
				2B7821E6278CE36400EE6530 /* Debug */,
				2B7821E7278CE36400EE6530 /* Release */,
			);
			defaultConfigurationIsVisible = 0;
			defaultConfigurationName = Release;
		};
/* End XCConfigurationList section */
	};
	rootObject = 2B7821D2278CE36400EE6530 /* Project object */;
}
