// !$*UTF8*$!
{
	archiveVersion = 1;
	classes = {
	};
	objectVersion = 50;
	objects = {

/* Begin PBXBuildFile section */
		6AAD601B2808E3D000F6BCC5 /* pem2.h in Headers */ = {isa = PBXBuildFile; fileRef = E5AAAB2C2305A2740061076D /* pem2.h */; };
		6AAD601C2808E3D000F6BCC5 /* pem.h in Headers */ = {isa = PBXBuildFile; fileRef = E5AAAB2D2305A2740061076D /* pem.h */; };
		6AAD601D2808E3D000F6BCC5 /* ssl3.h in Headers */ = {isa = PBXBuildFile; fileRef = E5AAAB2E2305A2740061076D /* ssl3.h */; };
		6AAD601E2808E3D000F6BCC5 /* ossl_typ.h in Headers */ = {isa = PBXBuildFile; fileRef = E5AAAB2F2305A2740061076D /* ossl_typ.h */; };
		6AAD601F2808E3D000F6BCC5 /* dtls1.h in Headers */ = {isa = PBXBuildFile; fileRef = E5AAAB302305A2740061076D /* dtls1.h */; };
		6AAD60202808E3D000F6BCC5 /* err.h in Headers */ = {isa = PBXBuildFile; fileRef = E5AAAB312305A2740061076D /* err.h */; };
		6AAD60212808E3D000F6BCC5 /* bn.h in Headers */ = {isa = PBXBuildFile; fileRef = E5AAAB322305A2740061076D /* bn.h */; };
		6AAD60222808E3D000F6BCC5 /* blowfish.h in Headers */ = {isa = PBXBuildFile; fileRef = E5AAAB332305A2740061076D /* blowfish.h */; };
		6AAD60232808E3D000F6BCC5 /* cms.h in Headers */ = {isa = PBXBuildFile; fileRef = E5AAAB342305A2740061076D /* cms.h */; };
		6AAD60242808E3D000F6BCC5 /* engine.h in Headers */ = {isa = PBXBuildFile; fileRef = E5AAAB352305A2740061076D /* engine.h */; };
		6AAD60252808E3D000F6BCC5 /* conf_api.h in Headers */ = {isa = PBXBuildFile; fileRef = E5AAAB362305A2740061076D /* conf_api.h */; };
		6AAD60262808E3D000F6BCC5 /* x509.h in Headers */ = {isa = PBXBuildFile; fileRef = E5AAAB372305A2740061076D /* x509.h */; };
		6AAD60272808E3D000F6BCC5 /* asn1_mac.h in Headers */ = {isa = PBXBuildFile; fileRef = E5AAAB382305A2740061076D /* asn1_mac.h */; };
		6AAD60282808E3D000F6BCC5 /* ui.h in Headers */ = {isa = PBXBuildFile; fileRef = E5AAAB392305A2740061076D /* ui.h */; };
		6AAD602A2808E3D000F6BCC5 /* sha.h in Headers */ = {isa = PBXBuildFile; fileRef = E5AAAB3B2305A2740061076D /* sha.h */; };
		6AAD602B2808E3D000F6BCC5 /* symhacks.h in Headers */ = {isa = PBXBuildFile; fileRef = E5AAAB3C2305A2740061076D /* symhacks.h */; };
		6AAD602C2808E3D000F6BCC5 /* asn1.h in Headers */ = {isa = PBXBuildFile; fileRef = E5AAAB3D2305A2740061076D /* asn1.h */; };
		6AAD602D2808E3D000F6BCC5 /* opensslconf.h in Headers */ = {isa = PBXBuildFile; fileRef = E5AAAB3E2305A2740061076D /* opensslconf.h */; };
		6AAD602E2808E3D000F6BCC5 /* bio.h in Headers */ = {isa = PBXBuildFile; fileRef = E5AAAB3F2305A2740061076D /* bio.h */; };
		6AAD602F2808E3D000F6BCC5 /* rc2.h in Headers */ = {isa = PBXBuildFile; fileRef = E5AAAB402305A2740061076D /* rc2.h */; };
		6AAD60302808E3D000F6BCC5 /* dh.h in Headers */ = {isa = PBXBuildFile; fileRef = E5AAAB412305A2740061076D /* dh.h */; };
		6AAD60322808E3D000F6BCC5 /* x509v3.h in Headers */ = {isa = PBXBuildFile; fileRef = E5AAAB432305A2740061076D /* x509v3.h */; };
		6AAD60342808E3D000F6BCC5 /* conf.h in Headers */ = {isa = PBXBuildFile; fileRef = E5AAAB452305A2740061076D /* conf.h */; };
		6AAD60362808E3D000F6BCC5 /* md5.h in Headers */ = {isa = PBXBuildFile; fileRef = E5AAAB472305A2740061076D /* md5.h */; };
		6AAD60372808E3D000F6BCC5 /* x509_vfy.h in Headers */ = {isa = PBXBuildFile; fileRef = E5AAAB482305A2740061076D /* x509_vfy.h */; };
		6AAD60382808E3D000F6BCC5 /* txt_db.h in Headers */ = {isa = PBXBuildFile; fileRef = E5AAAB492305A2740061076D /* txt_db.h */; };
		6AAD60392808E3D000F6BCC5 /* safestack.h in Headers */ = {isa = PBXBuildFile; fileRef = E5AAAB4A2305A2740061076D /* safestack.h */; };
		6AAD603A2808E3D000F6BCC5 /* ecdsa.h in Headers */ = {isa = PBXBuildFile; fileRef = E5AAAB4B2305A2740061076D /* ecdsa.h */; };
		6AAD603B2808E3D000F6BCC5 /* objects.h in Headers */ = {isa = PBXBuildFile; fileRef = E5AAAB4C2305A2740061076D /* objects.h */; };
		6AAD603C2808E3D000F6BCC5 /* pkcs12.h in Headers */ = {isa = PBXBuildFile; fileRef = E5AAAB4D2305A2740061076D /* pkcs12.h */; };
		6AAD603D2808E3D000F6BCC5 /* crypto.h in Headers */ = {isa = PBXBuildFile; fileRef = E5AAAB4E2305A2740061076D /* crypto.h */; };
		6AAD603E2808E3D000F6BCC5 /* opensslv.h in Headers */ = {isa = PBXBuildFile; fileRef = E5AAAB4F2305A2740061076D /* opensslv.h */; };
		6AAD603F2808E3D000F6BCC5 /* pkcs7.h in Headers */ = {isa = PBXBuildFile; fileRef = E5AAAB502305A2740061076D /* pkcs7.h */; };
		6AAD60402808E3D000F6BCC5 /* obj_mac.h in Headers */ = {isa = PBXBuildFile; fileRef = E5AAAB512305A2740061076D /* obj_mac.h */; };
		6AAD60412808E3D000F6BCC5 /* buffer.h in Headers */ = {isa = PBXBuildFile; fileRef = E5AAAB522305A2740061076D /* buffer.h */; };
		6AAD60422808E3D000F6BCC5 /* ssl.h in Headers */ = {isa = PBXBuildFile; fileRef = E5AAAB532305A2740061076D /* ssl.h */; };
		6AAD60432808E3D000F6BCC5 /* srp.h in Headers */ = {isa = PBXBuildFile; fileRef = E5AAAB542305A2740061076D /* srp.h */; };
		6AAD60442808E3D000F6BCC5 /* camellia.h in Headers */ = {isa = PBXBuildFile; fileRef = E5AAAB552305A2740061076D /* camellia.h */; };
		6AAD60452808E3D000F6BCC5 /* evp.h in Headers */ = {isa = PBXBuildFile; fileRef = E5AAAB562305A2740061076D /* evp.h */; };
		6AAD60462808E3D000F6BCC5 /* e_os2.h in Headers */ = {isa = PBXBuildFile; fileRef = E5AAAB572305A2740061076D /* e_os2.h */; };
		6AAD60472808E3D000F6BCC5 /* md4.h in Headers */ = {isa = PBXBuildFile; fileRef = E5AAAB582305A2740061076D /* md4.h */; };
		6AAD60482808E3D000F6BCC5 /* hmac.h in Headers */ = {isa = PBXBuildFile; fileRef = E5AAAB592305A2740061076D /* hmac.h */; };
		6AAD60492808E3D000F6BCC5 /* aes.h in Headers */ = {isa = PBXBuildFile; fileRef = E5AAAB5A2305A2740061076D /* aes.h */; };
		6AAD604A2808E3D000F6BCC5 /* comp.h in Headers */ = {isa = PBXBuildFile; fileRef = E5AAAB5B2305A2740061076D /* comp.h */; };
		6AAD604B2808E3D000F6BCC5 /* cast.h in Headers */ = {isa = PBXBuildFile; fileRef = E5AAAB5C2305A2740061076D /* cast.h */; };
		6AAD604C2808E3D000F6BCC5 /* rc4.h in Headers */ = {isa = PBXBuildFile; fileRef = E5AAAB5D2305A2740061076D /* rc4.h */; };
		6AAD604D2808E3D000F6BCC5 /* stack.h in Headers */ = {isa = PBXBuildFile; fileRef = E5AAAB5E2305A2740061076D /* stack.h */; };
		6AAD604E2808E3D000F6BCC5 /* des.h in Headers */ = {isa = PBXBuildFile; fileRef = E5AAAB5F2305A2740061076D /* des.h */; };
		6AAD604F2808E3D000F6BCC5 /* ocsp.h in Headers */ = {isa = PBXBuildFile; fileRef = E5AAAB602305A2740061076D /* ocsp.h */; };
		6AAD60502808E3D000F6BCC5 /* ec.h in Headers */ = {isa = PBXBuildFile; fileRef = E5AAAB612305A2740061076D /* ec.h */; };
		6AAD60512808E3D000F6BCC5 /* ecdh.h in Headers */ = {isa = PBXBuildFile; fileRef = E5AAAB622305A2740061076D /* ecdh.h */; };
		6AAD60522808E3D000F6BCC5 /* rand.h in Headers */ = {isa = PBXBuildFile; fileRef = E5AAAB632305A2740061076D /* rand.h */; };
		6AAD60532808E3D000F6BCC5 /* ts.h in Headers */ = {isa = PBXBuildFile; fileRef = E5AAAB642305A2740061076D /* ts.h */; };
		6AAD60562808E3D000F6BCC5 /* seed.h in Headers */ = {isa = PBXBuildFile; fileRef = E5AAAB672305A2740061076D /* seed.h */; };
		6AAD60572808E3D000F6BCC5 /* modes.h in Headers */ = {isa = PBXBuildFile; fileRef = E5AAAB682305A2740061076D /* modes.h */; };
		6AAD60582808E3D000F6BCC5 /* ssl2.h in Headers */ = {isa = PBXBuildFile; fileRef = E5AAAB692305A2740061076D /* ssl2.h */; };
		6AAD60592808E3D000F6BCC5 /* rsa.h in Headers */ = {isa = PBXBuildFile; fileRef = E5AAAB6A2305A2740061076D /* rsa.h */; };
		6AAD605C2808E3D000F6BCC5 /* ripemd.h in Headers */ = {isa = PBXBuildFile; fileRef = E5AAAB6D2305A2740061076D /* ripemd.h */; };
		6AAD605D2808E3D000F6BCC5 /* whrlpool.h in Headers */ = {isa = PBXBuildFile; fileRef = E5AAAB6E2305A2750061076D /* whrlpool.h */; };
		6AAD605E2808E3D000F6BCC5 /* tls1.h in Headers */ = {isa = PBXBuildFile; fileRef = E5AAAB6F2305A2750061076D /* tls1.h */; };
		6AAD605F2808E3D000F6BCC5 /* mdc2.h in Headers */ = {isa = PBXBuildFile; fileRef = E5AAAB702305A2750061076D /* mdc2.h */; };
		6AAD60602808E3D000F6BCC5 /* dsa.h in Headers */ = {isa = PBXBuildFile; fileRef = E5AAAB712305A2750061076D /* dsa.h */; };
		6AAD60612808E3D000F6BCC5 /* srtp.h in Headers */ = {isa = PBXBuildFile; fileRef = E5AAAB722305A2750061076D /* srtp.h */; };
		6AAD60622808E3D000F6BCC5 /* asn1t.h in Headers */ = {isa = PBXBuildFile; fileRef = E5AAAB732305A2750061076D /* asn1t.h */; };
		6AAD60632808E3D000F6BCC5 /* cmac.h in Headers */ = {isa = PBXBuildFile; fileRef = E5AAAB742305A2750061076D /* cmac.h */; };
		6AAD60642808E3D000F6BCC5 /* ebcdic.h in Headers */ = {isa = PBXBuildFile; fileRef = E5AAAB752305A2750061076D /* ebcdic.h */; };
		6AAD60652808E3D000F6BCC5 /* idea.h in Headers */ = {isa = PBXBuildFile; fileRef = E5AAAB762305A2750061076D /* idea.h */; };
		6AAD60662808E3D000F6BCC5 /* lhash.h in Headers */ = {isa = PBXBuildFile; fileRef = E5AAAB772305A2750061076D /* lhash.h */; };
		6AAD60692808E44800F6BCC5 /* libz.tbd in Frameworks */ = {isa = PBXBuildFile; fileRef = 6AAD60682808E44800F6BCC5 /* libz.tbd */; };
		6AAD606E2808F54000F6BCC5 /* libMacIapExtension.dylib in Copy Files */ = {isa = PBXBuildFile; fileRef = E5E518EE22F059E3006D3944 /* libMacIapExtension.dylib */; settings = {ATTRIBUTES = (CodeSignOnCopy, ); }; };
		6AAD6071280A3D8E00F6BCC5 /* libcrypto.a in Frameworks */ = {isa = PBXBuildFile; fileRef = 6AAD606F280A3D8E00F6BCC5 /* libcrypto.a */; };
		6AAD6072280A3D8E00F6BCC5 /* libssl.a in Frameworks */ = {isa = PBXBuildFile; fileRef = 6AAD6070280A3D8E00F6BCC5 /* libssl.a */; };
		E54BE0DA22F195A400448EEB /* main.mm in Sources */ = {isa = PBXBuildFile; fileRef = E54BE0D922F195A400448EEB /* main.mm */; };
		E5561A1722F1C53700687469 /* Callbacks.mm in Sources */ = {isa = PBXBuildFile; fileRef = E5561A1622F1C53700687469 /* Callbacks.mm */; };
		E5AAABCD2305ADA80061076D /* VerifyStoreReceipt.mm in Sources */ = {isa = PBXBuildFile; fileRef = E5AAABCC2305ADA80061076D /* VerifyStoreReceipt.mm */; };
		E5AAABCF2305B35C0061076D /* IOKit.framework in Frameworks */ = {isa = PBXBuildFile; fileRef = E5AAABCE2305B35C0061076D /* IOKit.framework */; };
		E5AD9C40230448CA0073C0AB /* macOS_IAPEnums.c in Sources */ = {isa = PBXBuildFile; fileRef = E5AD9C3E230448CA0073C0AB /* macOS_IAPEnums.c */; };
		E5E5190222F05AE6006D3944 /* macOS_TransactionListener.mm in Sources */ = {isa = PBXBuildFile; fileRef = E5E518FA22F05AE6006D3944 /* macOS_TransactionListener.mm */; };
		E5E5190422F05AE6006D3944 /* macOS_InAppPurchase.mm in Sources */ = {isa = PBXBuildFile; fileRef = E5E518FC22F05AE6006D3944 /* macOS_InAppPurchase.mm */; };
		E5E5190622F05AE6006D3944 /* macOS_StoreManager.mm in Sources */ = {isa = PBXBuildFile; fileRef = E5E518FE22F05AE6006D3944 /* macOS_StoreManager.mm */; };
		E5E5190922F05AE6006D3944 /* macOS_InAppPurchaseAppDelegate.mm in Sources */ = {isa = PBXBuildFile; fileRef = E5E5190122F05AE6006D3944 /* macOS_InAppPurchaseAppDelegate.mm */; };
		E5E5190C22F05C13006D3944 /* StoreKit.framework in Frameworks */ = {isa = PBXBuildFile; fileRef = E5E5190B22F05C13006D3944 /* StoreKit.framework */; };
/* End PBXBuildFile section */

/* Begin PBXCopyFilesBuildPhase section */
		6AAD606A2808F2AA00F6BCC5 /* Copy Files */ = {
			isa = PBXCopyFilesBuildPhase;
			buildActionMask = 2147483647;
			dstPath = "${PROJECT_DIR}/../GameMaker/extensions/Mac_IAPs";
			dstSubfolderSpec = 0;
			files = (
				6AAD606E2808F54000F6BCC5 /* libMacIapExtension.dylib in Copy Files */,
			);
			name = "Copy Files";
			runOnlyForDeploymentPostprocessing = 0;
		};
/* End PBXCopyFilesBuildPhase section */

/* Begin PBXFileReference section */
		6AAD60682808E44800F6BCC5 /* libz.tbd */ = {isa = PBXFileReference; lastKnownFileType = "sourcecode.text-based-dylib-definition"; name = libz.tbd; path = usr/lib/libz.tbd; sourceTree = SDKROOT; };
		6AAD606F280A3D8E00F6BCC5 /* libcrypto.a */ = {isa = PBXFileReference; lastKnownFileType = archive.ar; path = libcrypto.a; sourceTree = "<group>"; };
		6AAD6070280A3D8E00F6BCC5 /* libssl.a */ = {isa = PBXFileReference; lastKnownFileType = archive.ar; path = libssl.a; sourceTree = "<group>"; };
		E5358B5F2328DE3200FCE312 /* Info.plist */ = {isa = PBXFileReference; lastKnownFileType = file.bplist; path = Info.plist; sourceTree = "<group>"; };
		E54BE0D922F195A400448EEB /* main.mm */ = {isa = PBXFileReference; fileEncoding = 4; lastKnownFileType = sourcecode.cpp.objcpp; path = main.mm; sourceTree = "<group>"; };
		E5561A1322F1C4C200687469 /* Callbacks.h */ = {isa = PBXFileReference; lastKnownFileType = sourcecode.c.h; path = Callbacks.h; sourceTree = "<group>"; };
		E5561A1622F1C53700687469 /* Callbacks.mm */ = {isa = PBXFileReference; fileEncoding = 4; lastKnownFileType = sourcecode.cpp.objcpp; path = Callbacks.mm; sourceTree = "<group>"; };
		E5AAAB2C2305A2740061076D /* pem2.h */ = {isa = PBXFileReference; fileEncoding = 4; lastKnownFileType = sourcecode.c.h; path = pem2.h; sourceTree = "<group>"; };
		E5AAAB2D2305A2740061076D /* pem.h */ = {isa = PBXFileReference; fileEncoding = 4; lastKnownFileType = sourcecode.c.h; path = pem.h; sourceTree = "<group>"; };
		E5AAAB2E2305A2740061076D /* ssl3.h */ = {isa = PBXFileReference; fileEncoding = 4; lastKnownFileType = sourcecode.c.h; path = ssl3.h; sourceTree = "<group>"; };
		E5AAAB2F2305A2740061076D /* ossl_typ.h */ = {isa = PBXFileReference; fileEncoding = 4; lastKnownFileType = sourcecode.c.h; path = ossl_typ.h; sourceTree = "<group>"; };
		E5AAAB302305A2740061076D /* dtls1.h */ = {isa = PBXFileReference; fileEncoding = 4; lastKnownFileType = sourcecode.c.h; path = dtls1.h; sourceTree = "<group>"; };
		E5AAAB312305A2740061076D /* err.h */ = {isa = PBXFileReference; fileEncoding = 4; lastKnownFileType = sourcecode.c.h; path = err.h; sourceTree = "<group>"; };
		E5AAAB322305A2740061076D /* bn.h */ = {isa = PBXFileReference; fileEncoding = 4; lastKnownFileType = sourcecode.c.h; path = bn.h; sourceTree = "<group>"; };
		E5AAAB332305A2740061076D /* blowfish.h */ = {isa = PBXFileReference; fileEncoding = 4; lastKnownFileType = sourcecode.c.h; path = blowfish.h; sourceTree = "<group>"; };
		E5AAAB342305A2740061076D /* cms.h */ = {isa = PBXFileReference; fileEncoding = 4; lastKnownFileType = sourcecode.c.h; path = cms.h; sourceTree = "<group>"; };
		E5AAAB352305A2740061076D /* engine.h */ = {isa = PBXFileReference; fileEncoding = 4; lastKnownFileType = sourcecode.c.h; path = engine.h; sourceTree = "<group>"; };
		E5AAAB362305A2740061076D /* conf_api.h */ = {isa = PBXFileReference; fileEncoding = 4; lastKnownFileType = sourcecode.c.h; path = conf_api.h; sourceTree = "<group>"; };
		E5AAAB372305A2740061076D /* x509.h */ = {isa = PBXFileReference; fileEncoding = 4; lastKnownFileType = sourcecode.c.h; path = x509.h; sourceTree = "<group>"; };
		E5AAAB382305A2740061076D /* asn1_mac.h */ = {isa = PBXFileReference; fileEncoding = 4; lastKnownFileType = sourcecode.c.h; path = asn1_mac.h; sourceTree = "<group>"; };
		E5AAAB392305A2740061076D /* ui.h */ = {isa = PBXFileReference; fileEncoding = 4; lastKnownFileType = sourcecode.c.h; path = ui.h; sourceTree = "<group>"; };
		E5AAAB3B2305A2740061076D /* sha.h */ = {isa = PBXFileReference; fileEncoding = 4; lastKnownFileType = sourcecode.c.h; path = sha.h; sourceTree = "<group>"; };
		E5AAAB3C2305A2740061076D /* symhacks.h */ = {isa = PBXFileReference; fileEncoding = 4; lastKnownFileType = sourcecode.c.h; path = symhacks.h; sourceTree = "<group>"; };
		E5AAAB3D2305A2740061076D /* asn1.h */ = {isa = PBXFileReference; fileEncoding = 4; lastKnownFileType = sourcecode.c.h; path = asn1.h; sourceTree = "<group>"; };
		E5AAAB3E2305A2740061076D /* opensslconf.h */ = {isa = PBXFileReference; fileEncoding = 4; lastKnownFileType = sourcecode.c.h; path = opensslconf.h; sourceTree = "<group>"; };
		E5AAAB3F2305A2740061076D /* bio.h */ = {isa = PBXFileReference; fileEncoding = 4; lastKnownFileType = sourcecode.c.h; path = bio.h; sourceTree = "<group>"; };
		E5AAAB402305A2740061076D /* rc2.h */ = {isa = PBXFileReference; fileEncoding = 4; lastKnownFileType = sourcecode.c.h; path = rc2.h; sourceTree = "<group>"; };
		E5AAAB412305A2740061076D /* dh.h */ = {isa = PBXFileReference; fileEncoding = 4; lastKnownFileType = sourcecode.c.h; path = dh.h; sourceTree = "<group>"; };
		E5AAAB432305A2740061076D /* x509v3.h */ = {isa = PBXFileReference; fileEncoding = 4; lastKnownFileType = sourcecode.c.h; path = x509v3.h; sourceTree = "<group>"; };
		E5AAAB452305A2740061076D /* conf.h */ = {isa = PBXFileReference; fileEncoding = 4; lastKnownFileType = sourcecode.c.h; path = conf.h; sourceTree = "<group>"; };
		E5AAAB472305A2740061076D /* md5.h */ = {isa = PBXFileReference; fileEncoding = 4; lastKnownFileType = sourcecode.c.h; path = md5.h; sourceTree = "<group>"; };
		E5AAAB482305A2740061076D /* x509_vfy.h */ = {isa = PBXFileReference; fileEncoding = 4; lastKnownFileType = sourcecode.c.h; path = x509_vfy.h; sourceTree = "<group>"; };
		E5AAAB492305A2740061076D /* txt_db.h */ = {isa = PBXFileReference; fileEncoding = 4; lastKnownFileType = sourcecode.c.h; path = txt_db.h; sourceTree = "<group>"; };
		E5AAAB4A2305A2740061076D /* safestack.h */ = {isa = PBXFileReference; fileEncoding = 4; lastKnownFileType = sourcecode.c.h; path = safestack.h; sourceTree = "<group>"; };
		E5AAAB4B2305A2740061076D /* ecdsa.h */ = {isa = PBXFileReference; fileEncoding = 4; lastKnownFileType = sourcecode.c.h; path = ecdsa.h; sourceTree = "<group>"; };
		E5AAAB4C2305A2740061076D /* objects.h */ = {isa = PBXFileReference; fileEncoding = 4; lastKnownFileType = sourcecode.c.h; path = objects.h; sourceTree = "<group>"; };
		E5AAAB4D2305A2740061076D /* pkcs12.h */ = {isa = PBXFileReference; fileEncoding = 4; lastKnownFileType = sourcecode.c.h; path = pkcs12.h; sourceTree = "<group>"; };
		E5AAAB4E2305A2740061076D /* crypto.h */ = {isa = PBXFileReference; fileEncoding = 4; lastKnownFileType = sourcecode.c.h; path = crypto.h; sourceTree = "<group>"; };
		E5AAAB4F2305A2740061076D /* opensslv.h */ = {isa = PBXFileReference; fileEncoding = 4; lastKnownFileType = sourcecode.c.h; path = opensslv.h; sourceTree = "<group>"; };
		E5AAAB502305A2740061076D /* pkcs7.h */ = {isa = PBXFileReference; fileEncoding = 4; lastKnownFileType = sourcecode.c.h; path = pkcs7.h; sourceTree = "<group>"; };
		E5AAAB512305A2740061076D /* obj_mac.h */ = {isa = PBXFileReference; fileEncoding = 4; lastKnownFileType = sourcecode.c.h; path = obj_mac.h; sourceTree = "<group>"; };
		E5AAAB522305A2740061076D /* buffer.h */ = {isa = PBXFileReference; fileEncoding = 4; lastKnownFileType = sourcecode.c.h; path = buffer.h; sourceTree = "<group>"; };
		E5AAAB532305A2740061076D /* ssl.h */ = {isa = PBXFileReference; fileEncoding = 4; lastKnownFileType = sourcecode.c.h; path = ssl.h; sourceTree = "<group>"; };
		E5AAAB542305A2740061076D /* srp.h */ = {isa = PBXFileReference; fileEncoding = 4; lastKnownFileType = sourcecode.c.h; path = srp.h; sourceTree = "<group>"; };
		E5AAAB552305A2740061076D /* camellia.h */ = {isa = PBXFileReference; fileEncoding = 4; lastKnownFileType = sourcecode.c.h; path = camellia.h; sourceTree = "<group>"; };
		E5AAAB562305A2740061076D /* evp.h */ = {isa = PBXFileReference; fileEncoding = 4; lastKnownFileType = sourcecode.c.h; path = evp.h; sourceTree = "<group>"; };
		E5AAAB572305A2740061076D /* e_os2.h */ = {isa = PBXFileReference; fileEncoding = 4; lastKnownFileType = sourcecode.c.h; path = e_os2.h; sourceTree = "<group>"; };
		E5AAAB582305A2740061076D /* md4.h */ = {isa = PBXFileReference; fileEncoding = 4; lastKnownFileType = sourcecode.c.h; path = md4.h; sourceTree = "<group>"; };
		E5AAAB592305A2740061076D /* hmac.h */ = {isa = PBXFileReference; fileEncoding = 4; lastKnownFileType = sourcecode.c.h; path = hmac.h; sourceTree = "<group>"; };
		E5AAAB5A2305A2740061076D /* aes.h */ = {isa = PBXFileReference; fileEncoding = 4; lastKnownFileType = sourcecode.c.h; path = aes.h; sourceTree = "<group>"; };
		E5AAAB5B2305A2740061076D /* comp.h */ = {isa = PBXFileReference; fileEncoding = 4; lastKnownFileType = sourcecode.c.h; path = comp.h; sourceTree = "<group>"; };
		E5AAAB5C2305A2740061076D /* cast.h */ = {isa = PBXFileReference; fileEncoding = 4; lastKnownFileType = sourcecode.c.h; path = cast.h; sourceTree = "<group>"; };
		E5AAAB5D2305A2740061076D /* rc4.h */ = {isa = PBXFileReference; fileEncoding = 4; lastKnownFileType = sourcecode.c.h; path = rc4.h; sourceTree = "<group>"; };
		E5AAAB5E2305A2740061076D /* stack.h */ = {isa = PBXFileReference; fileEncoding = 4; lastKnownFileType = sourcecode.c.h; path = stack.h; sourceTree = "<group>"; };
		E5AAAB5F2305A2740061076D /* des.h */ = {isa = PBXFileReference; fileEncoding = 4; lastKnownFileType = sourcecode.c.h; path = des.h; sourceTree = "<group>"; };
		E5AAAB602305A2740061076D /* ocsp.h */ = {isa = PBXFileReference; fileEncoding = 4; lastKnownFileType = sourcecode.c.h; path = ocsp.h; sourceTree = "<group>"; };
		E5AAAB612305A2740061076D /* ec.h */ = {isa = PBXFileReference; fileEncoding = 4; lastKnownFileType = sourcecode.c.h; path = ec.h; sourceTree = "<group>"; };
		E5AAAB622305A2740061076D /* ecdh.h */ = {isa = PBXFileReference; fileEncoding = 4; lastKnownFileType = sourcecode.c.h; path = ecdh.h; sourceTree = "<group>"; };
		E5AAAB632305A2740061076D /* rand.h */ = {isa = PBXFileReference; fileEncoding = 4; lastKnownFileType = sourcecode.c.h; path = rand.h; sourceTree = "<group>"; };
		E5AAAB642305A2740061076D /* ts.h */ = {isa = PBXFileReference; fileEncoding = 4; lastKnownFileType = sourcecode.c.h; path = ts.h; sourceTree = "<group>"; };
		E5AAAB672305A2740061076D /* seed.h */ = {isa = PBXFileReference; fileEncoding = 4; lastKnownFileType = sourcecode.c.h; path = seed.h; sourceTree = "<group>"; };
		E5AAAB682305A2740061076D /* modes.h */ = {isa = PBXFileReference; fileEncoding = 4; lastKnownFileType = sourcecode.c.h; path = modes.h; sourceTree = "<group>"; };
		E5AAAB692305A2740061076D /* ssl2.h */ = {isa = PBXFileReference; fileEncoding = 4; lastKnownFileType = sourcecode.c.h; path = ssl2.h; sourceTree = "<group>"; };
		E5AAAB6A2305A2740061076D /* rsa.h */ = {isa = PBXFileReference; fileEncoding = 4; lastKnownFileType = sourcecode.c.h; path = rsa.h; sourceTree = "<group>"; };
		E5AAAB6D2305A2740061076D /* ripemd.h */ = {isa = PBXFileReference; fileEncoding = 4; lastKnownFileType = sourcecode.c.h; path = ripemd.h; sourceTree = "<group>"; };
		E5AAAB6E2305A2750061076D /* whrlpool.h */ = {isa = PBXFileReference; fileEncoding = 4; lastKnownFileType = sourcecode.c.h; path = whrlpool.h; sourceTree = "<group>"; };
		E5AAAB6F2305A2750061076D /* tls1.h */ = {isa = PBXFileReference; fileEncoding = 4; lastKnownFileType = sourcecode.c.h; path = tls1.h; sourceTree = "<group>"; };
		E5AAAB702305A2750061076D /* mdc2.h */ = {isa = PBXFileReference; fileEncoding = 4; lastKnownFileType = sourcecode.c.h; path = mdc2.h; sourceTree = "<group>"; };
		E5AAAB712305A2750061076D /* dsa.h */ = {isa = PBXFileReference; fileEncoding = 4; lastKnownFileType = sourcecode.c.h; path = dsa.h; sourceTree = "<group>"; };
		E5AAAB722305A2750061076D /* srtp.h */ = {isa = PBXFileReference; fileEncoding = 4; lastKnownFileType = sourcecode.c.h; path = srtp.h; sourceTree = "<group>"; };
		E5AAAB732305A2750061076D /* asn1t.h */ = {isa = PBXFileReference; fileEncoding = 4; lastKnownFileType = sourcecode.c.h; path = asn1t.h; sourceTree = "<group>"; };
		E5AAAB742305A2750061076D /* cmac.h */ = {isa = PBXFileReference; fileEncoding = 4; lastKnownFileType = sourcecode.c.h; path = cmac.h; sourceTree = "<group>"; };
		E5AAAB752305A2750061076D /* ebcdic.h */ = {isa = PBXFileReference; fileEncoding = 4; lastKnownFileType = sourcecode.c.h; path = ebcdic.h; sourceTree = "<group>"; };
		E5AAAB762305A2750061076D /* idea.h */ = {isa = PBXFileReference; fileEncoding = 4; lastKnownFileType = sourcecode.c.h; path = idea.h; sourceTree = "<group>"; };
		E5AAAB772305A2750061076D /* lhash.h */ = {isa = PBXFileReference; fileEncoding = 4; lastKnownFileType = sourcecode.c.h; path = lhash.h; sourceTree = "<group>"; };
		E5AAABC82305A3780061076D /* VerifyStoreReceipt.h */ = {isa = PBXFileReference; fileEncoding = 4; lastKnownFileType = sourcecode.c.h; path = VerifyStoreReceipt.h; sourceTree = "<group>"; };
		E5AAABCC2305ADA80061076D /* VerifyStoreReceipt.mm */ = {isa = PBXFileReference; fileEncoding = 4; lastKnownFileType = sourcecode.cpp.objcpp; path = VerifyStoreReceipt.mm; sourceTree = "<group>"; };
		E5AAABCE2305B35C0061076D /* IOKit.framework */ = {isa = PBXFileReference; lastKnownFileType = wrapper.framework; name = IOKit.framework; path = System/Library/Frameworks/IOKit.framework; sourceTree = SDKROOT; };
		E5AD9C3D230448CA0073C0AB /* macOS_IAPEnums.h */ = {isa = PBXFileReference; lastKnownFileType = sourcecode.c.h; path = macOS_IAPEnums.h; sourceTree = "<group>"; };
		E5AD9C3E230448CA0073C0AB /* macOS_IAPEnums.c */ = {isa = PBXFileReference; lastKnownFileType = sourcecode.c.c; path = macOS_IAPEnums.c; sourceTree = "<group>"; };
		E5BC25482328E1A70066DCBC /* maciaps.entitlements */ = {isa = PBXFileReference; lastKnownFileType = text.plist.entitlements; path = maciaps.entitlements; sourceTree = "<group>"; };
		E5E518EE22F059E3006D3944 /* libMacIapExtension.dylib */ = {isa = PBXFileReference; explicitFileType = "compiled.mach-o.dylib"; includeInIndex = 0; path = libMacIapExtension.dylib; sourceTree = BUILT_PRODUCTS_DIR; };
		E5E518FA22F05AE6006D3944 /* macOS_TransactionListener.mm */ = {isa = PBXFileReference; fileEncoding = 4; lastKnownFileType = sourcecode.cpp.objcpp; path = macOS_TransactionListener.mm; sourceTree = "<group>"; };
		E5E518FB22F05AE6006D3944 /* macOS_TransactionListener.h */ = {isa = PBXFileReference; fileEncoding = 4; lastKnownFileType = sourcecode.c.h; path = macOS_TransactionListener.h; sourceTree = "<group>"; };
		E5E518FC22F05AE6006D3944 /* macOS_InAppPurchase.mm */ = {isa = PBXFileReference; fileEncoding = 4; lastKnownFileType = sourcecode.cpp.objcpp; path = macOS_InAppPurchase.mm; sourceTree = "<group>"; };
		E5E518FD22F05AE6006D3944 /* macOS_StoreManager.h */ = {isa = PBXFileReference; fileEncoding = 4; lastKnownFileType = sourcecode.c.h; path = macOS_StoreManager.h; sourceTree = "<group>"; };
		E5E518FE22F05AE6006D3944 /* macOS_StoreManager.mm */ = {isa = PBXFileReference; fileEncoding = 4; lastKnownFileType = sourcecode.cpp.objcpp; path = macOS_StoreManager.mm; sourceTree = "<group>"; };
		E5E518FF22F05AE6006D3944 /* macOS_InAppPurchaseAppDelegate.h */ = {isa = PBXFileReference; fileEncoding = 4; lastKnownFileType = sourcecode.c.h; path = macOS_InAppPurchaseAppDelegate.h; sourceTree = "<group>"; };
		E5E5190022F05AE6006D3944 /* macOS_InAppPurchase.h */ = {isa = PBXFileReference; fileEncoding = 4; lastKnownFileType = sourcecode.c.h; path = macOS_InAppPurchase.h; sourceTree = "<group>"; };
		E5E5190122F05AE6006D3944 /* macOS_InAppPurchaseAppDelegate.mm */ = {isa = PBXFileReference; fileEncoding = 4; lastKnownFileType = sourcecode.cpp.objcpp; path = macOS_InAppPurchaseAppDelegate.mm; sourceTree = "<group>"; };
		E5E5190B22F05C13006D3944 /* StoreKit.framework */ = {isa = PBXFileReference; lastKnownFileType = wrapper.framework; name = StoreKit.framework; path = System/Library/Frameworks/StoreKit.framework; sourceTree = SDKROOT; };
		E5E5190D22F08214006D3944 /* main.h */ = {isa = PBXFileReference; lastKnownFileType = sourcecode.c.h; path = main.h; sourceTree = "<group>"; };
/* End PBXFileReference section */

/* Begin PBXFrameworksBuildPhase section */
		E5E518EC22F059E3006D3944 /* Frameworks */ = {
			isa = PBXFrameworksBuildPhase;
			buildActionMask = 2147483647;
			files = (
				6AAD60692808E44800F6BCC5 /* libz.tbd in Frameworks */,
				6AAD6072280A3D8E00F6BCC5 /* libssl.a in Frameworks */,
				6AAD6071280A3D8E00F6BCC5 /* libcrypto.a in Frameworks */,
				E5AAABCF2305B35C0061076D /* IOKit.framework in Frameworks */,
				E5E5190C22F05C13006D3944 /* StoreKit.framework in Frameworks */,
			);
			runOnlyForDeploymentPostprocessing = 0;
		};
/* End PBXFrameworksBuildPhase section */

/* Begin PBXGroup section */
		E5AAAB272305A2740061076D /* lib */ = {
			isa = PBXGroup;
			children = (
				6AAD606F280A3D8E00F6BCC5 /* libcrypto.a */,
				6AAD6070280A3D8E00F6BCC5 /* libssl.a */,
			);
			path = lib;
			sourceTree = "<group>";
		};
		E5AAAB2A2305A2740061076D /* include */ = {
			isa = PBXGroup;
			children = (
				E5AAAB2B2305A2740061076D /* openssl */,
			);
			path = include;
			sourceTree = "<group>";
		};
		E5AAAB2B2305A2740061076D /* openssl */ = {
			isa = PBXGroup;
			children = (
				E5AAAB2C2305A2740061076D /* pem2.h */,
				E5AAAB2D2305A2740061076D /* pem.h */,
				E5AAAB2E2305A2740061076D /* ssl3.h */,
				E5AAAB2F2305A2740061076D /* ossl_typ.h */,
				E5AAAB302305A2740061076D /* dtls1.h */,
				E5AAAB312305A2740061076D /* err.h */,
				E5AAAB322305A2740061076D /* bn.h */,
				E5AAAB332305A2740061076D /* blowfish.h */,
				E5AAAB342305A2740061076D /* cms.h */,
				E5AAAB352305A2740061076D /* engine.h */,
				E5AAAB362305A2740061076D /* conf_api.h */,
				E5AAAB372305A2740061076D /* x509.h */,
				E5AAAB382305A2740061076D /* asn1_mac.h */,
				E5AAAB392305A2740061076D /* ui.h */,
				E5AAAB3B2305A2740061076D /* sha.h */,
				E5AAAB3C2305A2740061076D /* symhacks.h */,
				E5AAAB3D2305A2740061076D /* asn1.h */,
				E5AAAB3E2305A2740061076D /* opensslconf.h */,
				E5AAAB3F2305A2740061076D /* bio.h */,
				E5AAAB402305A2740061076D /* rc2.h */,
				E5AAAB412305A2740061076D /* dh.h */,
				E5AAAB432305A2740061076D /* x509v3.h */,
				E5AAAB452305A2740061076D /* conf.h */,
				E5AAAB472305A2740061076D /* md5.h */,
				E5AAAB482305A2740061076D /* x509_vfy.h */,
				E5AAAB492305A2740061076D /* txt_db.h */,
				E5AAAB4A2305A2740061076D /* safestack.h */,
				E5AAAB4B2305A2740061076D /* ecdsa.h */,
				E5AAAB4C2305A2740061076D /* objects.h */,
				E5AAAB4D2305A2740061076D /* pkcs12.h */,
				E5AAAB4E2305A2740061076D /* crypto.h */,
				E5AAAB4F2305A2740061076D /* opensslv.h */,
				E5AAAB502305A2740061076D /* pkcs7.h */,
				E5AAAB512305A2740061076D /* obj_mac.h */,
				E5AAAB522305A2740061076D /* buffer.h */,
				E5AAAB532305A2740061076D /* ssl.h */,
				E5AAAB542305A2740061076D /* srp.h */,
				E5AAAB552305A2740061076D /* camellia.h */,
				E5AAAB562305A2740061076D /* evp.h */,
				E5AAAB572305A2740061076D /* e_os2.h */,
				E5AAAB582305A2740061076D /* md4.h */,
				E5AAAB592305A2740061076D /* hmac.h */,
				E5AAAB5A2305A2740061076D /* aes.h */,
				E5AAAB5B2305A2740061076D /* comp.h */,
				E5AAAB5C2305A2740061076D /* cast.h */,
				E5AAAB5D2305A2740061076D /* rc4.h */,
				E5AAAB5E2305A2740061076D /* stack.h */,
				E5AAAB5F2305A2740061076D /* des.h */,
				E5AAAB602305A2740061076D /* ocsp.h */,
				E5AAAB612305A2740061076D /* ec.h */,
				E5AAAB622305A2740061076D /* ecdh.h */,
				E5AAAB632305A2740061076D /* rand.h */,
				E5AAAB642305A2740061076D /* ts.h */,
				E5AAAB672305A2740061076D /* seed.h */,
				E5AAAB682305A2740061076D /* modes.h */,
				E5AAAB692305A2740061076D /* ssl2.h */,
				E5AAAB6A2305A2740061076D /* rsa.h */,
				E5AAAB6D2305A2740061076D /* ripemd.h */,
				E5AAAB6E2305A2750061076D /* whrlpool.h */,
				E5AAAB6F2305A2750061076D /* tls1.h */,
				E5AAAB702305A2750061076D /* mdc2.h */,
				E5AAAB712305A2750061076D /* dsa.h */,
				E5AAAB722305A2750061076D /* srtp.h */,
				E5AAAB732305A2750061076D /* asn1t.h */,
				E5AAAB742305A2750061076D /* cmac.h */,
				E5AAAB752305A2750061076D /* ebcdic.h */,
				E5AAAB762305A2750061076D /* idea.h */,
				E5AAAB772305A2750061076D /* lhash.h */,
			);
			path = openssl;
			sourceTree = "<group>";
		};
		E5E518E522F059E3006D3944 = {
			isa = PBXGroup;
			children = (
				E5E518F022F059E3006D3944 /* maciapextension */,
				E5E518EF22F059E3006D3944 /* Products */,
				E5E5190A22F05C13006D3944 /* Frameworks */,
			);
			sourceTree = "<group>";
		};
		E5E518EF22F059E3006D3944 /* Products */ = {
			isa = PBXGroup;
			children = (
				E5E518EE22F059E3006D3944 /* libMacIapExtension.dylib */,
			);
			name = Products;
			sourceTree = "<group>";
		};
		E5E518F022F059E3006D3944 /* maciapextension */ = {
			isa = PBXGroup;
			children = (
				E5AAAB2A2305A2740061076D /* include */,
				E5AAAB272305A2740061076D /* lib */,
				E5358B5F2328DE3200FCE312 /* Info.plist */,
				E5E5190022F05AE6006D3944 /* macOS_InAppPurchase.h */,
				E5E518FC22F05AE6006D3944 /* macOS_InAppPurchase.mm */,
				E5E518FF22F05AE6006D3944 /* macOS_InAppPurchaseAppDelegate.h */,
				E5E5190122F05AE6006D3944 /* macOS_InAppPurchaseAppDelegate.mm */,
				E5E518FD22F05AE6006D3944 /* macOS_StoreManager.h */,
				E5E518FE22F05AE6006D3944 /* macOS_StoreManager.mm */,
				E5E518FB22F05AE6006D3944 /* macOS_TransactionListener.h */,
				E5E518FA22F05AE6006D3944 /* macOS_TransactionListener.mm */,
				E5E5190D22F08214006D3944 /* main.h */,
				E54BE0D922F195A400448EEB /* main.mm */,
				E5561A1322F1C4C200687469 /* Callbacks.h */,
				E5561A1622F1C53700687469 /* Callbacks.mm */,
				E5AD9C3D230448CA0073C0AB /* macOS_IAPEnums.h */,
				E5AD9C3E230448CA0073C0AB /* macOS_IAPEnums.c */,
				E5AAABC82305A3780061076D /* VerifyStoreReceipt.h */,
				E5AAABCC2305ADA80061076D /* VerifyStoreReceipt.mm */,
				E5BC25482328E1A70066DCBC /* maciaps.entitlements */,
			);
			path = maciapextension;
			sourceTree = "<group>";
		};
		E5E5190A22F05C13006D3944 /* Frameworks */ = {
			isa = PBXGroup;
			children = (
				6AAD60682808E44800F6BCC5 /* libz.tbd */,
				E5AAABCE2305B35C0061076D /* IOKit.framework */,
				E5E5190B22F05C13006D3944 /* StoreKit.framework */,
			);
			name = Frameworks;
			sourceTree = "<group>";
		};
/* End PBXGroup section */

/* Begin PBXHeadersBuildPhase section */
		E5E518EA22F059E3006D3944 /* Headers */ = {
			isa = PBXHeadersBuildPhase;
			buildActionMask = 2147483647;
			files = (
				6AAD601B2808E3D000F6BCC5 /* pem2.h in Headers */,
				6AAD601C2808E3D000F6BCC5 /* pem.h in Headers */,
				6AAD601D2808E3D000F6BCC5 /* ssl3.h in Headers */,
				6AAD601E2808E3D000F6BCC5 /* ossl_typ.h in Headers */,
				6AAD601F2808E3D000F6BCC5 /* dtls1.h in Headers */,
				6AAD60202808E3D000F6BCC5 /* err.h in Headers */,
				6AAD60212808E3D000F6BCC5 /* bn.h in Headers */,
				6AAD60222808E3D000F6BCC5 /* blowfish.h in Headers */,
				6AAD60232808E3D000F6BCC5 /* cms.h in Headers */,
				6AAD60242808E3D000F6BCC5 /* engine.h in Headers */,
				6AAD60252808E3D000F6BCC5 /* conf_api.h in Headers */,
				6AAD60262808E3D000F6BCC5 /* x509.h in Headers */,
				6AAD60272808E3D000F6BCC5 /* asn1_mac.h in Headers */,
				6AAD60282808E3D000F6BCC5 /* ui.h in Headers */,
				6AAD602A2808E3D000F6BCC5 /* sha.h in Headers */,
				6AAD602B2808E3D000F6BCC5 /* symhacks.h in Headers */,
				6AAD602C2808E3D000F6BCC5 /* asn1.h in Headers */,
				6AAD602D2808E3D000F6BCC5 /* opensslconf.h in Headers */,
				6AAD602E2808E3D000F6BCC5 /* bio.h in Headers */,
				6AAD602F2808E3D000F6BCC5 /* rc2.h in Headers */,
				6AAD60302808E3D000F6BCC5 /* dh.h in Headers */,
				6AAD60322808E3D000F6BCC5 /* x509v3.h in Headers */,
				6AAD60342808E3D000F6BCC5 /* conf.h in Headers */,
				6AAD60362808E3D000F6BCC5 /* md5.h in Headers */,
				6AAD60372808E3D000F6BCC5 /* x509_vfy.h in Headers */,
				6AAD60382808E3D000F6BCC5 /* txt_db.h in Headers */,
				6AAD60392808E3D000F6BCC5 /* safestack.h in Headers */,
				6AAD603A2808E3D000F6BCC5 /* ecdsa.h in Headers */,
				6AAD603B2808E3D000F6BCC5 /* objects.h in Headers */,
				6AAD603C2808E3D000F6BCC5 /* pkcs12.h in Headers */,
				6AAD603D2808E3D000F6BCC5 /* crypto.h in Headers */,
				6AAD603E2808E3D000F6BCC5 /* opensslv.h in Headers */,
				6AAD603F2808E3D000F6BCC5 /* pkcs7.h in Headers */,
				6AAD60402808E3D000F6BCC5 /* obj_mac.h in Headers */,
				6AAD60412808E3D000F6BCC5 /* buffer.h in Headers */,
				6AAD60422808E3D000F6BCC5 /* ssl.h in Headers */,
				6AAD60432808E3D000F6BCC5 /* srp.h in Headers */,
				6AAD60442808E3D000F6BCC5 /* camellia.h in Headers */,
				6AAD60452808E3D000F6BCC5 /* evp.h in Headers */,
				6AAD60462808E3D000F6BCC5 /* e_os2.h in Headers */,
				6AAD60472808E3D000F6BCC5 /* md4.h in Headers */,
				6AAD60482808E3D000F6BCC5 /* hmac.h in Headers */,
				6AAD60492808E3D000F6BCC5 /* aes.h in Headers */,
				6AAD604A2808E3D000F6BCC5 /* comp.h in Headers */,
				6AAD604B2808E3D000F6BCC5 /* cast.h in Headers */,
				6AAD604C2808E3D000F6BCC5 /* rc4.h in Headers */,
				6AAD604D2808E3D000F6BCC5 /* stack.h in Headers */,
				6AAD604E2808E3D000F6BCC5 /* des.h in Headers */,
				6AAD604F2808E3D000F6BCC5 /* ocsp.h in Headers */,
				6AAD60502808E3D000F6BCC5 /* ec.h in Headers */,
				6AAD60512808E3D000F6BCC5 /* ecdh.h in Headers */,
				6AAD60522808E3D000F6BCC5 /* rand.h in Headers */,
				6AAD60532808E3D000F6BCC5 /* ts.h in Headers */,
				6AAD60562808E3D000F6BCC5 /* seed.h in Headers */,
				6AAD60572808E3D000F6BCC5 /* modes.h in Headers */,
				6AAD60582808E3D000F6BCC5 /* ssl2.h in Headers */,
				6AAD60592808E3D000F6BCC5 /* rsa.h in Headers */,
				6AAD605C2808E3D000F6BCC5 /* ripemd.h in Headers */,
				6AAD605D2808E3D000F6BCC5 /* whrlpool.h in Headers */,
				6AAD605E2808E3D000F6BCC5 /* tls1.h in Headers */,
				6AAD605F2808E3D000F6BCC5 /* mdc2.h in Headers */,
				6AAD60602808E3D000F6BCC5 /* dsa.h in Headers */,
				6AAD60612808E3D000F6BCC5 /* srtp.h in Headers */,
				6AAD60622808E3D000F6BCC5 /* asn1t.h in Headers */,
				6AAD60632808E3D000F6BCC5 /* cmac.h in Headers */,
				6AAD60642808E3D000F6BCC5 /* ebcdic.h in Headers */,
				6AAD60652808E3D000F6BCC5 /* idea.h in Headers */,
				6AAD60662808E3D000F6BCC5 /* lhash.h in Headers */,
			);
			runOnlyForDeploymentPostprocessing = 0;
		};
/* End PBXHeadersBuildPhase section */

/* Begin PBXNativeTarget section */
		E5E518ED22F059E3006D3944 /* MacIapExtension */ = {
			isa = PBXNativeTarget;
			buildConfigurationList = E5E518F722F059E3006D3944 /* Build configuration list for PBXNativeTarget "MacIapExtension" */;
			buildPhases = (
				E5E518EA22F059E3006D3944 /* Headers */,
				E5E518EB22F059E3006D3944 /* Sources */,
				E5E518EC22F059E3006D3944 /* Frameworks */,
				6AAD606A2808F2AA00F6BCC5 /* Copy Files */,
			);
			buildRules = (
			);
			dependencies = (
			);
			name = MacIapExtension;
			productName = maciapextension;
			productReference = E5E518EE22F059E3006D3944 /* libMacIapExtension.dylib */;
			productType = "com.apple.product-type.library.dynamic";
		};
/* End PBXNativeTarget section */

/* Begin PBXProject section */
		E5E518E622F059E3006D3944 /* Project object */ = {
			isa = PBXProject;
			attributes = {
				LastUpgradeCheck = 1330;
				ORGANIZATIONNAME = YoYoGames;
				TargetAttributes = {
					E5E518ED22F059E3006D3944 = {
						CreatedOnToolsVersion = 10.2.1;
					};
				};
			};
			buildConfigurationList = E5E518E922F059E3006D3944 /* Build configuration list for PBXProject "maciapextension" */;
			compatibilityVersion = "Xcode 9.3";
			developmentRegion = en;
			hasScannedForEncodings = 0;
			knownRegions = (
				en,
				Base,
			);
			mainGroup = E5E518E522F059E3006D3944;
			productRefGroup = E5E518EF22F059E3006D3944 /* Products */;
			projectDirPath = "";
			projectRoot = "";
			targets = (
				E5E518ED22F059E3006D3944 /* MacIapExtension */,
			);
		};
/* End PBXProject section */

/* Begin PBXSourcesBuildPhase section */
		E5E518EB22F059E3006D3944 /* Sources */ = {
			isa = PBXSourcesBuildPhase;
			buildActionMask = 2147483647;
			files = (
				E5561A1722F1C53700687469 /* Callbacks.mm in Sources */,
				E54BE0DA22F195A400448EEB /* main.mm in Sources */,
				E5AD9C40230448CA0073C0AB /* macOS_IAPEnums.c in Sources */,
				E5E5190422F05AE6006D3944 /* macOS_InAppPurchase.mm in Sources */,
				E5E5190222F05AE6006D3944 /* macOS_TransactionListener.mm in Sources */,
				E5AAABCD2305ADA80061076D /* VerifyStoreReceipt.mm in Sources */,
				E5E5190922F05AE6006D3944 /* macOS_InAppPurchaseAppDelegate.mm in Sources */,
				E5E5190622F05AE6006D3944 /* macOS_StoreManager.mm in Sources */,
			);
			runOnlyForDeploymentPostprocessing = 0;
		};
/* End PBXSourcesBuildPhase section */

/* Begin XCBuildConfiguration section */
		E5E518F522F059E3006D3944 /* Debug */ = {
			isa = XCBuildConfiguration;
			buildSettings = {
				ALWAYS_SEARCH_USER_PATHS = NO;
				ARCHS = "$(ARCHS_STANDARD)";
				CLANG_ANALYZER_NONNULL = YES;
				CLANG_ANALYZER_NUMBER_OBJECT_CONVERSION = YES_AGGRESSIVE;
				CLANG_CXX_LANGUAGE_STANDARD = "gnu++14";
				CLANG_CXX_LIBRARY = "libc++";
				CLANG_ENABLE_MODULES = YES;
				CLANG_ENABLE_OBJC_ARC = YES;
				CLANG_ENABLE_OBJC_WEAK = YES;
				CLANG_WARN_BLOCK_CAPTURE_AUTORELEASING = YES;
				CLANG_WARN_BOOL_CONVERSION = YES;
				CLANG_WARN_COMMA = YES;
				CLANG_WARN_CONSTANT_CONVERSION = YES;
				CLANG_WARN_DEPRECATED_OBJC_IMPLEMENTATIONS = YES;
				CLANG_WARN_DIRECT_OBJC_ISA_USAGE = YES_ERROR;
				CLANG_WARN_DOCUMENTATION_COMMENTS = YES;
				CLANG_WARN_EMPTY_BODY = YES;
				CLANG_WARN_ENUM_CONVERSION = YES;
				CLANG_WARN_INFINITE_RECURSION = YES;
				CLANG_WARN_INT_CONVERSION = YES;
				CLANG_WARN_NON_LITERAL_NULL_CONVERSION = YES;
				CLANG_WARN_OBJC_IMPLICIT_RETAIN_SELF = YES;
				CLANG_WARN_OBJC_LITERAL_CONVERSION = YES;
				CLANG_WARN_OBJC_ROOT_CLASS = YES_ERROR;
				CLANG_WARN_QUOTED_INCLUDE_IN_FRAMEWORK_HEADER = YES;
				CLANG_WARN_RANGE_LOOP_ANALYSIS = YES;
				CLANG_WARN_STRICT_PROTOTYPES = YES;
				CLANG_WARN_SUSPICIOUS_MOVE = YES;
				CLANG_WARN_UNGUARDED_AVAILABILITY = YES_AGGRESSIVE;
				CLANG_WARN_UNREACHABLE_CODE = YES;
				CLANG_WARN__DUPLICATE_METHOD_MATCH = YES;
				CODE_SIGN_IDENTITY = "Mac Developer";
				COPY_PHASE_STRIP = NO;
				DEBUG_INFORMATION_FORMAT = dwarf;
				ENABLE_STRICT_OBJC_MSGSEND = YES;
				ENABLE_TESTABILITY = YES;
				GCC_C_LANGUAGE_STANDARD = gnu11;
				GCC_DYNAMIC_NO_PIC = NO;
				GCC_NO_COMMON_BLOCKS = YES;
				GCC_OPTIMIZATION_LEVEL = 0;
				GCC_PREPROCESSOR_DEFINITIONS = (
					"DEBUG=1",
					"$(inherited)",
				);
				GCC_WARN_64_TO_32_BIT_CONVERSION = YES;
				GCC_WARN_ABOUT_RETURN_TYPE = YES_ERROR;
				GCC_WARN_UNDECLARED_SELECTOR = YES;
				GCC_WARN_UNINITIALIZED_AUTOS = YES_AGGRESSIVE;
				GCC_WARN_UNUSED_FUNCTION = YES;
				GCC_WARN_UNUSED_VARIABLE = YES;
				MACOSX_DEPLOYMENT_TARGET = 10.7;
				MTL_ENABLE_DEBUG_INFO = INCLUDE_SOURCE;
				MTL_FAST_MATH = YES;
				ONLY_ACTIVE_ARCH = YES;
				SDKROOT = macosx;
			};
			name = Debug;
		};
		E5E518F622F059E3006D3944 /* Release */ = {
			isa = XCBuildConfiguration;
			buildSettings = {
				ALWAYS_SEARCH_USER_PATHS = NO;
				ARCHS = "$(ARCHS_STANDARD)";
				CLANG_ANALYZER_NONNULL = YES;
				CLANG_ANALYZER_NUMBER_OBJECT_CONVERSION = YES_AGGRESSIVE;
				CLANG_CXX_LANGUAGE_STANDARD = "gnu++14";
				CLANG_CXX_LIBRARY = "libc++";
				CLANG_ENABLE_MODULES = YES;
				CLANG_ENABLE_OBJC_ARC = YES;
				CLANG_ENABLE_OBJC_WEAK = YES;
				CLANG_WARN_BLOCK_CAPTURE_AUTORELEASING = YES;
				CLANG_WARN_BOOL_CONVERSION = YES;
				CLANG_WARN_COMMA = YES;
				CLANG_WARN_CONSTANT_CONVERSION = YES;
				CLANG_WARN_DEPRECATED_OBJC_IMPLEMENTATIONS = YES;
				CLANG_WARN_DIRECT_OBJC_ISA_USAGE = YES_ERROR;
				CLANG_WARN_DOCUMENTATION_COMMENTS = YES;
				CLANG_WARN_EMPTY_BODY = YES;
				CLANG_WARN_ENUM_CONVERSION = YES;
				CLANG_WARN_INFINITE_RECURSION = YES;
				CLANG_WARN_INT_CONVERSION = YES;
				CLANG_WARN_NON_LITERAL_NULL_CONVERSION = YES;
				CLANG_WARN_OBJC_IMPLICIT_RETAIN_SELF = YES;
				CLANG_WARN_OBJC_LITERAL_CONVERSION = YES;
				CLANG_WARN_OBJC_ROOT_CLASS = YES_ERROR;
				CLANG_WARN_QUOTED_INCLUDE_IN_FRAMEWORK_HEADER = YES;
				CLANG_WARN_RANGE_LOOP_ANALYSIS = YES;
				CLANG_WARN_STRICT_PROTOTYPES = YES;
				CLANG_WARN_SUSPICIOUS_MOVE = YES;
				CLANG_WARN_UNGUARDED_AVAILABILITY = YES_AGGRESSIVE;
				CLANG_WARN_UNREACHABLE_CODE = YES;
				CLANG_WARN__DUPLICATE_METHOD_MATCH = YES;
				CODE_SIGN_IDENTITY = "Mac Developer";
				COPY_PHASE_STRIP = NO;
				DEBUG_INFORMATION_FORMAT = "dwarf-with-dsym";
				ENABLE_NS_ASSERTIONS = NO;
				ENABLE_STRICT_OBJC_MSGSEND = YES;
				GCC_C_LANGUAGE_STANDARD = gnu11;
				GCC_NO_COMMON_BLOCKS = YES;
				GCC_WARN_64_TO_32_BIT_CONVERSION = YES;
				GCC_WARN_ABOUT_RETURN_TYPE = YES_ERROR;
				GCC_WARN_UNDECLARED_SELECTOR = YES;
				GCC_WARN_UNINITIALIZED_AUTOS = YES_AGGRESSIVE;
				GCC_WARN_UNUSED_FUNCTION = YES;
				GCC_WARN_UNUSED_VARIABLE = YES;
				MACOSX_DEPLOYMENT_TARGET = 10.7;
				MTL_ENABLE_DEBUG_INFO = NO;
				MTL_FAST_MATH = YES;
				ONLY_ACTIVE_ARCH = NO;
				SDKROOT = macosx;
			};
			name = Release;
		};
		E5E518F822F059E3006D3944 /* Debug */ = {
			isa = XCBuildConfiguration;
			buildSettings = {
				CLANG_ENABLE_OBJC_ARC = NO;
				CODE_SIGN_STYLE = Automatic;
				DEVELOPMENT_TEAM = C9E7J7HL3D;
				DYLIB_COMPATIBILITY_VERSION = 1;
				DYLIB_CURRENT_VERSION = 1;
				EXECUTABLE_PREFIX = lib;
				HEADER_SEARCH_PATHS = (
					"\"$(SRCROOT)/maciapextension\"",
					"\"$(SRCROOT)/maciapextension/include\"",
				);
				INFOPLIST_FILE = "$(SRCROOT)/maciapextension/Info.plist";
				LIBRARY_SEARCH_PATHS = (
					"$(inherited)",
					"$(PROJECT_DIR)/maciapextension/lib",
				);
				MACOSX_DEPLOYMENT_TARGET = 10.15;
				ONLY_ACTIVE_ARCH = NO;
				PRODUCT_NAME = "$(TARGET_NAME)";
				SKIP_INSTALL = YES;
				VALID_ARCHS = "i386 x86_64 arm64";
			};
			name = Debug;
		};
		E5E518F922F059E3006D3944 /* Release */ = {
			isa = XCBuildConfiguration;
			buildSettings = {
				CLANG_ENABLE_OBJC_ARC = NO;
				CODE_SIGN_STYLE = Automatic;
				DEVELOPMENT_TEAM = C9E7J7HL3D;
				DYLIB_COMPATIBILITY_VERSION = 1;
				DYLIB_CURRENT_VERSION = 1;
				EXECUTABLE_PREFIX = lib;
				HEADER_SEARCH_PATHS = (
					"\"$(SRCROOT)/maciapextension\"",
					"\"$(SRCROOT)/maciapextension/include\"",
				);
				INFOPLIST_FILE = "$(SRCROOT)/maciapextension/Info.plist";
				LIBRARY_SEARCH_PATHS = (
					"$(inherited)",
					"$(PROJECT_DIR)/maciapextension/lib",
				);
				MACOSX_DEPLOYMENT_TARGET = 10.15;
				ONLY_ACTIVE_ARCH = NO;
				PRODUCT_NAME = "$(TARGET_NAME)";
				SKIP_INSTALL = YES;
				VALID_ARCHS = "i386 x86_64 arm64";
			};
			name = Release;
		};
/* End XCBuildConfiguration section */

/* Begin XCConfigurationList section */
		E5E518E922F059E3006D3944 /* Build configuration list for PBXProject "maciapextension" */ = {
			isa = XCConfigurationList;
			buildConfigurations = (
				E5E518F522F059E3006D3944 /* Debug */,
				E5E518F622F059E3006D3944 /* Release */,
			);
			defaultConfigurationIsVisible = 0;
			defaultConfigurationName = Release;
		};
		E5E518F722F059E3006D3944 /* Build configuration list for PBXNativeTarget "MacIapExtension" */ = {
			isa = XCConfigurationList;
			buildConfigurations = (
				E5E518F822F059E3006D3944 /* Debug */,
				E5E518F922F059E3006D3944 /* Release */,
			);
			defaultConfigurationIsVisible = 0;
			defaultConfigurationName = Release;
		};
/* End XCConfigurationList section */
	};
	rootObject = E5E518E622F059E3006D3944 /* Project object */;
}
